
Microsoft Visual Studio Solution File, Format Version 12.00
# Visual Studio 15
VisualStudioVersion = 15.0.26730.16
MinimumVisualStudioVersion = 10.0.40219.1
Project("{8BC9CEB8-8B4A-11D0-8D11-00A0C91BC942}") = "0_SDL_Window", "0_SDL_Window\0_SDL_Window.vcxproj", "{BAD28DBE-A88A-46D6-B960-D9FF71B9250D}"
EndProject
Project("{8BC9CEB8-8B4A-11D0-8D11-00A0C91BC942}") = "01_OpenGL", "01_OpenGL\01_OpenGL.vcxproj", "{29BDA066-E94B-4C2C-8693-40EE5B921C1F}"
EndProject
Project("{8BC9CEB8-8B4A-11D0-8D11-00A0C91BC942}") = "02_Shaders", "02_Shaders\02_Shaders.vcxproj", "{A41AB48B-C901-45DC-815D-705E89B4AACB}"
EndProject
Project("{8BC9CEB8-8B4A-11D0-8D11-00A0C91BC942}") = "03_ShadersFinal", "03_ShadersFinal\03_ShadersFinal.vcxproj", "{DA3B4036-11FF-415E-B401-EB64CD395389}"
EndProject
Project("{8BC9CEB8-8B4A-11D0-8D11-00A0C91BC942}") = "04_Transformations", "04_Transformations\04_Transformations.vcxproj", "{BDF51D68-70F0-4CD7-8080-E29EB6C6ED0E}"
EndProject
Global
	GlobalSection(SolutionConfigurationPlatforms) = preSolution
		Debug|x64 = Debug|x64
		Debug|x86 = Debug|x86
		Release|x64 = Release|x64
		Release|x86 = Release|x86
	EndGlobalSection
	GlobalSection(ProjectConfigurationPlatforms) = postSolution
		{BAD28DBE-A88A-46D6-B960-D9FF71B9250D}.Debug|x64.ActiveCfg = Debug|x64
		{BAD28DBE-A88A-46D6-B960-D9FF71B9250D}.Debug|x64.Build.0 = Debug|x64
		{BAD28DBE-A88A-46D6-B960-D9FF71B9250D}.Debug|x86.ActiveCfg = Debug|Win32
		{BAD28DBE-A88A-46D6-B960-D9FF71B9250D}.Debug|x86.Build.0 = Debug|Win32
		{BAD28DBE-A88A-46D6-B960-D9FF71B9250D}.Release|x64.ActiveCfg = Release|x64
		{BAD28DBE-A88A-46D6-B960-D9FF71B9250D}.Release|x64.Build.0 = Release|x64
		{BAD28DBE-A88A-46D6-B960-D9FF71B9250D}.Release|x86.ActiveCfg = Release|Win32
		{BAD28DBE-A88A-46D6-B960-D9FF71B9250D}.Release|x86.Build.0 = Release|Win32
		{29BDA066-E94B-4C2C-8693-40EE5B921C1F}.Debug|x64.ActiveCfg = Debug|x64
		{29BDA066-E94B-4C2C-8693-40EE5B921C1F}.Debug|x64.Build.0 = Debug|x64
		{29BDA066-E94B-4C2C-8693-40EE5B921C1F}.Debug|x86.ActiveCfg = Debug|Win32
		{29BDA066-E94B-4C2C-8693-40EE5B921C1F}.Debug|x86.Build.0 = Debug|Win32
		{29BDA066-E94B-4C2C-8693-40EE5B921C1F}.Release|x64.ActiveCfg = Release|x64
		{29BDA066-E94B-4C2C-8693-40EE5B921C1F}.Release|x64.Build.0 = Release|x64
		{29BDA066-E94B-4C2C-8693-40EE5B921C1F}.Release|x86.ActiveCfg = Release|Win32
		{29BDA066-E94B-4C2C-8693-40EE5B921C1F}.Release|x86.Build.0 = Release|Win32
		{A41AB48B-C901-45DC-815D-705E89B4AACB}.Debug|x64.ActiveCfg = Debug|x64
		{A41AB48B-C901-45DC-815D-705E89B4AACB}.Debug|x64.Build.0 = Debug|x64
		{A41AB48B-C901-45DC-815D-705E89B4AACB}.Debug|x86.ActiveCfg = Debug|Win32
		{A41AB48B-C901-45DC-815D-705E89B4AACB}.Debug|x86.Build.0 = Debug|Win32
		{A41AB48B-C901-45DC-815D-705E89B4AACB}.Release|x64.ActiveCfg = Release|x64
		{A41AB48B-C901-45DC-815D-705E89B4AACB}.Release|x64.Build.0 = Release|x64
		{A41AB48B-C901-45DC-815D-705E89B4AACB}.Release|x86.ActiveCfg = Release|Win32
		{A41AB48B-C901-45DC-815D-705E89B4AACB}.Release|x86.Build.0 = Release|Win32
		{DA3B4036-11FF-415E-B401-EB64CD395389}.Debug|x64.ActiveCfg = Debug|x64
		{DA3B4036-11FF-415E-B401-EB64CD395389}.Debug|x64.Build.0 = Debug|x64
		{DA3B4036-11FF-415E-B401-EB64CD395389}.Debug|x86.ActiveCfg = Debug|Win32
		{DA3B4036-11FF-415E-B401-EB64CD395389}.Debug|x86.Build.0 = Debug|Win32
		{DA3B4036-11FF-415E-B401-EB64CD395389}.Release|x64.ActiveCfg = Release|x64
		{DA3B4036-11FF-415E-B401-EB64CD395389}.Release|x64.Build.0 = Release|x64
		{DA3B4036-11FF-415E-B401-EB64CD395389}.Release|x86.ActiveCfg = Release|Win32
		{DA3B4036-11FF-415E-B401-EB64CD395389}.Release|x86.Build.0 = Release|Win32
		{BDF51D68-70F0-4CD7-8080-E29EB6C6ED0E}.Debug|x64.ActiveCfg = Debug|x64
		{BDF51D68-70F0-4CD7-8080-E29EB6C6ED0E}.Debug|x64.Build.0 = Debug|x64
		{BDF51D68-70F0-4CD7-8080-E29EB6C6ED0E}.Debug|x86.ActiveCfg = Debug|Win32
		{BDF51D68-70F0-4CD7-8080-E29EB6C6ED0E}.Debug|x86.Build.0 = Debug|Win32
		{BDF51D68-70F0-4CD7-8080-E29EB6C6ED0E}.Release|x64.ActiveCfg = Release|x64
		{BDF51D68-70F0-4CD7-8080-E29EB6C6ED0E}.Release|x64.Build.0 = Release|x64
		{BDF51D68-70F0-4CD7-8080-E29EB6C6ED0E}.Release|x86.ActiveCfg = Release|Win32
		{BDF51D68-70F0-4CD7-8080-E29EB6C6ED0E}.Release|x86.Build.0 = Release|Win32
	EndGlobalSection
	GlobalSection(SolutionProperties) = preSolution
		HideSolutionNode = FALSE
	EndGlobalSection
	GlobalSection(ExtensibilityGlobals) = postSolution
		SolutionGuid = {6F3C20C6-35D0-4C26-8666-E9807910E916}
	EndGlobalSection
EndGlobal
