
Microsoft Visual Studio Solution File, Format Version 11.00
# Visual Studio 2010
Project("{8BC9CEB8-8B4A-11D0-8D11-00A0C91BC942}") = "App_BulletExampleBrowser", "App_BulletExampleBrowser.vcxproj", "{566AF77D-316A-4344-B3D7-E22A1E8B2277}"
	ProjectSection(ProjectDependencies) = postProject
		{D6F845FB-8D92-904B-81AC-FAEB09056CF2} = {D6F845FB-8D92-904B-81AC-FAEB09056CF2}
		{486B6CF5-C200-8A42-8D6A-A0E3BC339485} = {486B6CF5-C200-8A42-8D6A-A0E3BC339485}
		{08CA071D-8FFE-AF46-B339-3455769C9E00} = {08CA071D-8FFE-AF46-B339-3455769C9E00}
		{6D32CB38-A663-3841-9684-9D379F15506A} = {6D32CB38-A663-3841-9684-9D379F15506A}
		{B53D45E1-CABF-1B48-A043-FA31A22AF754} = {B53D45E1-CABF-1B48-A043-FA31A22AF754}
		{79D1EF6B-EA3B-CE46-92BB-80ADA39D0298} = {79D1EF6B-EA3B-CE46-92BB-80ADA39D0298}
		{BA247B72-B5C0-CC4B-8538-718F0EE0BE97} = {BA247B72-B5C0-CC4B-8538-718F0EE0BE97}
		{3D5A15D7-1C18-1048-BA3D-27B2BF94BC68} = {3D5A15D7-1C18-1048-BA3D-27B2BF94BC68}
		{EF4B6278-B50E-0B48-8DFD-5A0C51B14099} = {EF4B6278-B50E-0B48-8DFD-5A0C51B14099}
		{A4DC9B4B-E197-EC42-AE5E-9665A1FF7FA6} = {A4DC9B4B-E197-EC42-AE5E-9665A1FF7FA6}
		{1A9F7C53-72B8-CA47-AA14-2C66E52DD702} = {1A9F7C53-72B8-CA47-AA14-2C66E52DD702}
		{D071A967-E921-584A-9398-0B19F9203087} = {D071A967-E921-584A-9398-0B19F9203087}
		{01D2332D-0477-4344-9906-C2B95760A5CF} = {01D2332D-0477-4344-9906-C2B95760A5CF}
		{E95921F4-84E0-BC41-BC48-EFCB47DBF1A2} = {E95921F4-84E0-BC41-BC48-EFCB47DBF1A2}
		{3DA32803-C272-3647-93CB-1831722C1163} = {3DA32803-C272-3647-93CB-1831722C1163}
	EndProjectSection
EndProject
Project("{8BC9CEB8-8B4A-11D0-8D11-00A0C91BC942}") = "BulletExampleBrowserLib", "BulletExampleBrowserLib.vcxproj", "{D6F845FB-8D92-904B-81AC-FAEB09056CF2}"
EndProject
Project("{8BC9CEB8-8B4A-11D0-8D11-00A0C91BC942}") = "App_RobotSimulator", "App_RobotSimulator.vcxproj", "{F0B31512-C26B-4047-BAB4-EF63F37F12C6}"
	ProjectSection(ProjectDependencies) = postProject
		{D6F845FB-8D92-904B-81AC-FAEB09056CF2} = {D6F845FB-8D92-904B-81AC-FAEB09056CF2}
		{486B6CF5-C200-8A42-8D6A-A0E3BC339485} = {486B6CF5-C200-8A42-8D6A-A0E3BC339485}
		{08CA071D-8FFE-AF46-B339-3455769C9E00} = {08CA071D-8FFE-AF46-B339-3455769C9E00}
		{065FFB7D-D15E-2641-B7A3-1A61C83A1BCA} = {065FFB7D-D15E-2641-B7A3-1A61C83A1BCA}
		{AFECF1FE-8BF3-224F-907B-A0F2561121D6} = {AFECF1FE-8BF3-224F-907B-A0F2561121D6}
		{6D32CB38-A663-3841-9684-9D379F15506A} = {6D32CB38-A663-3841-9684-9D379F15506A}
		{B53D45E1-CABF-1B48-A043-FA31A22AF754} = {B53D45E1-CABF-1B48-A043-FA31A22AF754}
		{79D1EF6B-EA3B-CE46-92BB-80ADA39D0298} = {79D1EF6B-EA3B-CE46-92BB-80ADA39D0298}
		{BA247B72-B5C0-CC4B-8538-718F0EE0BE97} = {BA247B72-B5C0-CC4B-8538-718F0EE0BE97}
		{3D5A15D7-1C18-1048-BA3D-27B2BF94BC68} = {3D5A15D7-1C18-1048-BA3D-27B2BF94BC68}
		{EF4B6278-B50E-0B48-8DFD-5A0C51B14099} = {EF4B6278-B50E-0B48-8DFD-5A0C51B14099}
		{A4DC9B4B-E197-EC42-AE5E-9665A1FF7FA6} = {A4DC9B4B-E197-EC42-AE5E-9665A1FF7FA6}
		{1A9F7C53-72B8-CA47-AA14-2C66E52DD702} = {1A9F7C53-72B8-CA47-AA14-2C66E52DD702}
		{D071A967-E921-584A-9398-0B19F9203087} = {D071A967-E921-584A-9398-0B19F9203087}
		{01D2332D-0477-4344-9906-C2B95760A5CF} = {01D2332D-0477-4344-9906-C2B95760A5CF}
		{E95921F4-84E0-BC41-BC48-EFCB47DBF1A2} = {E95921F4-84E0-BC41-BC48-EFCB47DBF1A2}
		{3DA32803-C272-3647-93CB-1831722C1163} = {3DA32803-C272-3647-93CB-1831722C1163}
		{33E3463E-3B4F-F14E-B158-57648B51093B} = {33E3463E-3B4F-F14E-B158-57648B51093B}
		{74D3FCB4-23D1-0A41-9E7E-56EB1E76167F} = {74D3FCB4-23D1-0A41-9E7E-56EB1E76167F}
	EndProjectSection
EndProject
Project("{8BC9CEB8-8B4A-11D0-8D11-00A0C91BC942}") = "OpenGL_Window", "OpenGL_Window.vcxproj", "{08CA071D-8FFE-AF46-B339-3455769C9E00}"
EndProject
Project("{8BC9CEB8-8B4A-11D0-8D11-00A0C91BC942}") = "gwen", "gwen.vcxproj", "{486B6CF5-C200-8A42-8D6A-A0E3BC339485}"
EndProject
Project("{8BC9CEB8-8B4A-11D0-8D11-00A0C91BC942}") = "App_HelloWorld", "App_HelloWorld.vcxproj", "{96F642C9-88E0-0D43-A75B-A9552E7169E8}"
	ProjectSection(ProjectDependencies) = postProject
		{BA247B72-B5C0-CC4B-8538-718F0EE0BE97} = {BA247B72-B5C0-CC4B-8538-718F0EE0BE97}
		{3D5A15D7-1C18-1048-BA3D-27B2BF94BC68} = {3D5A15D7-1C18-1048-BA3D-27B2BF94BC68}
		{EF4B6278-B50E-0B48-8DFD-5A0C51B14099} = {EF4B6278-B50E-0B48-8DFD-5A0C51B14099}
	EndProjectSection
EndProject
Project("{8BC9CEB8-8B4A-11D0-8D11-00A0C91BC942}") = "App_PhysicsServer_SharedMemory", "App_PhysicsServer_SharedMemory.vcxproj", "{ACEB84F4-EC1C-1C4B-86AB-5E1F2B0FE577}"
	ProjectSection(ProjectDependencies) = postProject
		{1A9F7C53-72B8-CA47-AA14-2C66E52DD702} = {1A9F7C53-72B8-CA47-AA14-2C66E52DD702}
		{B53D45E1-CABF-1B48-A043-FA31A22AF754} = {B53D45E1-CABF-1B48-A043-FA31A22AF754}
		{79D1EF6B-EA3B-CE46-92BB-80ADA39D0298} = {79D1EF6B-EA3B-CE46-92BB-80ADA39D0298}
		{BA247B72-B5C0-CC4B-8538-718F0EE0BE97} = {BA247B72-B5C0-CC4B-8538-718F0EE0BE97}
		{3D5A15D7-1C18-1048-BA3D-27B2BF94BC68} = {3D5A15D7-1C18-1048-BA3D-27B2BF94BC68}
		{EF4B6278-B50E-0B48-8DFD-5A0C51B14099} = {EF4B6278-B50E-0B48-8DFD-5A0C51B14099}
		{A4DC9B4B-E197-EC42-AE5E-9665A1FF7FA6} = {A4DC9B4B-E197-EC42-AE5E-9665A1FF7FA6}
	EndProjectSection
EndProject
Project("{8BC9CEB8-8B4A-11D0-8D11-00A0C91BC942}") = "App_PhysicsServer_SharedMemory_GUI", "App_PhysicsServer_SharedMemory_GUI.vcxproj", "{B3E024BB-1CD8-A14C-BA01-0493EC8D91CE}"
	ProjectSection(ProjectDependencies) = postProject
		{B53D45E1-CABF-1B48-A043-FA31A22AF754} = {B53D45E1-CABF-1B48-A043-FA31A22AF754}
		{79D1EF6B-EA3B-CE46-92BB-80ADA39D0298} = {79D1EF6B-EA3B-CE46-92BB-80ADA39D0298}
		{BA247B72-B5C0-CC4B-8538-718F0EE0BE97} = {BA247B72-B5C0-CC4B-8538-718F0EE0BE97}
		{3D5A15D7-1C18-1048-BA3D-27B2BF94BC68} = {3D5A15D7-1C18-1048-BA3D-27B2BF94BC68}
		{EF4B6278-B50E-0B48-8DFD-5A0C51B14099} = {EF4B6278-B50E-0B48-8DFD-5A0C51B14099}
		{08CA071D-8FFE-AF46-B339-3455769C9E00} = {08CA071D-8FFE-AF46-B339-3455769C9E00}
		{1A9F7C53-72B8-CA47-AA14-2C66E52DD702} = {1A9F7C53-72B8-CA47-AA14-2C66E52DD702}
		{A4DC9B4B-E197-EC42-AE5E-9665A1FF7FA6} = {A4DC9B4B-E197-EC42-AE5E-9665A1FF7FA6}
	EndProjectSection
EndProject
Project("{8BC9CEB8-8B4A-11D0-8D11-00A0C91BC942}") = "App_PhysicsServer_SharedMemory_VR", "App_PhysicsServer_SharedMemory_VR.vcxproj", "{27D5847A-35DF-1C49-86C8-46C6093740D8}"
	ProjectSection(ProjectDependencies) = postProject
		{B53D45E1-CABF-1B48-A043-FA31A22AF754} = {B53D45E1-CABF-1B48-A043-FA31A22AF754}
		{79D1EF6B-EA3B-CE46-92BB-80ADA39D0298} = {79D1EF6B-EA3B-CE46-92BB-80ADA39D0298}
		{1A9F7C53-72B8-CA47-AA14-2C66E52DD702} = {1A9F7C53-72B8-CA47-AA14-2C66E52DD702}
		{BA247B72-B5C0-CC4B-8538-718F0EE0BE97} = {BA247B72-B5C0-CC4B-8538-718F0EE0BE97}
		{3D5A15D7-1C18-1048-BA3D-27B2BF94BC68} = {3D5A15D7-1C18-1048-BA3D-27B2BF94BC68}
		{EF4B6278-B50E-0B48-8DFD-5A0C51B14099} = {EF4B6278-B50E-0B48-8DFD-5A0C51B14099}
		{08CA071D-8FFE-AF46-B339-3455769C9E00} = {08CA071D-8FFE-AF46-B339-3455769C9E00}
		{A4DC9B4B-E197-EC42-AE5E-9665A1FF7FA6} = {A4DC9B4B-E197-EC42-AE5E-9665A1FF7FA6}
	EndProjectSection
EndProject
Project("{8BC9CEB8-8B4A-11D0-8D11-00A0C91BC942}") = "App_PhysicsServerSharedMemoryBridgeUDP", "App_PhysicsServerSharedMemoryBridgeUDP.vcxproj", "{DD14C277-0EFB-C543-8EAF-5C02BF4B66DD}"
	ProjectSection(ProjectDependencies) = postProject
		{33E3463E-3B4F-F14E-B158-57648B51093B} = {33E3463E-3B4F-F14E-B158-57648B51093B}
		{065FFB7D-D15E-2641-B7A3-1A61C83A1BCA} = {065FFB7D-D15E-2641-B7A3-1A61C83A1BCA}
		{1A9F7C53-72B8-CA47-AA14-2C66E52DD702} = {1A9F7C53-72B8-CA47-AA14-2C66E52DD702}
		{EF4B6278-B50E-0B48-8DFD-5A0C51B14099} = {EF4B6278-B50E-0B48-8DFD-5A0C51B14099}
	EndProjectSection
EndProject
Project("{8BC9CEB8-8B4A-11D0-8D11-00A0C91BC942}") = "App_PhysicsServerUDP", "App_PhysicsServerUDP.vcxproj", "{42FCCBE4-006C-4945-A821-71158DC3DD8A}"
	ProjectSection(ProjectDependencies) = postProject
		{33E3463E-3B4F-F14E-B158-57648B51093B} = {33E3463E-3B4F-F14E-B158-57648B51093B}
		{1A9F7C53-72B8-CA47-AA14-2C66E52DD702} = {1A9F7C53-72B8-CA47-AA14-2C66E52DD702}
		{B53D45E1-CABF-1B48-A043-FA31A22AF754} = {B53D45E1-CABF-1B48-A043-FA31A22AF754}
		{79D1EF6B-EA3B-CE46-92BB-80ADA39D0298} = {79D1EF6B-EA3B-CE46-92BB-80ADA39D0298}
		{BA247B72-B5C0-CC4B-8538-718F0EE0BE97} = {BA247B72-B5C0-CC4B-8538-718F0EE0BE97}
		{3D5A15D7-1C18-1048-BA3D-27B2BF94BC68} = {3D5A15D7-1C18-1048-BA3D-27B2BF94BC68}
		{EF4B6278-B50E-0B48-8DFD-5A0C51B14099} = {EF4B6278-B50E-0B48-8DFD-5A0C51B14099}
		{A4DC9B4B-E197-EC42-AE5E-9665A1FF7FA6} = {A4DC9B4B-E197-EC42-AE5E-9665A1FF7FA6}
	EndProjectSection
EndProject
Project("{8BC9CEB8-8B4A-11D0-8D11-00A0C91BC942}") = "App_PhysicsServerSharedMemoryBridgeTCP", "App_PhysicsServerSharedMemoryBridgeTCP.vcxproj", "{041F1375-8961-A046-89EE-3E0A63390CE5}"
	ProjectSection(ProjectDependencies) = postProject
		{74D3FCB4-23D1-0A41-9E7E-56EB1E76167F} = {74D3FCB4-23D1-0A41-9E7E-56EB1E76167F}
		{065FFB7D-D15E-2641-B7A3-1A61C83A1BCA} = {065FFB7D-D15E-2641-B7A3-1A61C83A1BCA}
		{1A9F7C53-72B8-CA47-AA14-2C66E52DD702} = {1A9F7C53-72B8-CA47-AA14-2C66E52DD702}
		{EF4B6278-B50E-0B48-8DFD-5A0C51B14099} = {EF4B6278-B50E-0B48-8DFD-5A0C51B14099}
	EndProjectSection
EndProject
Project("{8BC9CEB8-8B4A-11D0-8D11-00A0C91BC942}") = "App_PhysicsServerTCP", "App_PhysicsServerTCP.vcxproj", "{5F68E265-6F95-2E4E-A19A-BE52B065D697}"
	ProjectSection(ProjectDependencies) = postProject
		{74D3FCB4-23D1-0A41-9E7E-56EB1E76167F} = {74D3FCB4-23D1-0A41-9E7E-56EB1E76167F}
		{1A9F7C53-72B8-CA47-AA14-2C66E52DD702} = {1A9F7C53-72B8-CA47-AA14-2C66E52DD702}
		{B53D45E1-CABF-1B48-A043-FA31A22AF754} = {B53D45E1-CABF-1B48-A043-FA31A22AF754}
		{79D1EF6B-EA3B-CE46-92BB-80ADA39D0298} = {79D1EF6B-EA3B-CE46-92BB-80ADA39D0298}
		{BA247B72-B5C0-CC4B-8538-718F0EE0BE97} = {BA247B72-B5C0-CC4B-8538-718F0EE0BE97}
		{3D5A15D7-1C18-1048-BA3D-27B2BF94BC68} = {3D5A15D7-1C18-1048-BA3D-27B2BF94BC68}
		{EF4B6278-B50E-0B48-8DFD-5A0C51B14099} = {EF4B6278-B50E-0B48-8DFD-5A0C51B14099}
		{A4DC9B4B-E197-EC42-AE5E-9665A1FF7FA6} = {A4DC9B4B-E197-EC42-AE5E-9665A1FF7FA6}
	EndProjectSection
EndProject
Project("{8BC9CEB8-8B4A-11D0-8D11-00A0C91BC942}") = "pybullet_testplugin", "pybullet_testplugin.vcxproj", "{8BF05534-819F-DD4F-9C73-A13FFA1607D7}"
	ProjectSection(ProjectDependencies) = postProject
		{065FFB7D-D15E-2641-B7A3-1A61C83A1BCA} = {065FFB7D-D15E-2641-B7A3-1A61C83A1BCA}
		{1A9F7C53-72B8-CA47-AA14-2C66E52DD702} = {1A9F7C53-72B8-CA47-AA14-2C66E52DD702}
		{EF4B6278-B50E-0B48-8DFD-5A0C51B14099} = {EF4B6278-B50E-0B48-8DFD-5A0C51B14099}
	EndProjectSection
EndProject
Project("{8BC9CEB8-8B4A-11D0-8D11-00A0C91BC942}") = "pybullet_vrSyncPlugin", "pybullet_vrSyncPlugin.vcxproj", "{2786DAB9-D47F-1441-971A-687E90F78585}"
	ProjectSection(ProjectDependencies) = postProject
		{065FFB7D-D15E-2641-B7A3-1A61C83A1BCA} = {065FFB7D-D15E-2641-B7A3-1A61C83A1BCA}
		{1A9F7C53-72B8-CA47-AA14-2C66E52DD702} = {1A9F7C53-72B8-CA47-AA14-2C66E52DD702}
		{EF4B6278-B50E-0B48-8DFD-5A0C51B14099} = {EF4B6278-B50E-0B48-8DFD-5A0C51B14099}
	EndProjectSection
EndProject
Project("{8BC9CEB8-8B4A-11D0-8D11-00A0C91BC942}") = "BussIK", "BussIK.vcxproj", "{A4DC9B4B-E197-EC42-AE5E-9665A1FF7FA6}"
EndProject
Project("{8BC9CEB8-8B4A-11D0-8D11-00A0C91BC942}") = "pybullet", "pybullet.vcxproj", "{20AD64BF-AE76-4C48-9EDB-ACB8DAD12248}"
	ProjectSection(ProjectDependencies) = postProject
		{D6F845FB-8D92-904B-81AC-FAEB09056CF2} = {D6F845FB-8D92-904B-81AC-FAEB09056CF2}
		{486B6CF5-C200-8A42-8D6A-A0E3BC339485} = {486B6CF5-C200-8A42-8D6A-A0E3BC339485}
		{065FFB7D-D15E-2641-B7A3-1A61C83A1BCA} = {065FFB7D-D15E-2641-B7A3-1A61C83A1BCA}
		{AFECF1FE-8BF3-224F-907B-A0F2561121D6} = {AFECF1FE-8BF3-224F-907B-A0F2561121D6}
		{08CA071D-8FFE-AF46-B339-3455769C9E00} = {08CA071D-8FFE-AF46-B339-3455769C9E00}
		{6D32CB38-A663-3841-9684-9D379F15506A} = {6D32CB38-A663-3841-9684-9D379F15506A}
		{B53D45E1-CABF-1B48-A043-FA31A22AF754} = {B53D45E1-CABF-1B48-A043-FA31A22AF754}
		{79D1EF6B-EA3B-CE46-92BB-80ADA39D0298} = {79D1EF6B-EA3B-CE46-92BB-80ADA39D0298}
		{BA247B72-B5C0-CC4B-8538-718F0EE0BE97} = {BA247B72-B5C0-CC4B-8538-718F0EE0BE97}
		{3D5A15D7-1C18-1048-BA3D-27B2BF94BC68} = {3D5A15D7-1C18-1048-BA3D-27B2BF94BC68}
		{EF4B6278-B50E-0B48-8DFD-5A0C51B14099} = {EF4B6278-B50E-0B48-8DFD-5A0C51B14099}
		{A4DC9B4B-E197-EC42-AE5E-9665A1FF7FA6} = {A4DC9B4B-E197-EC42-AE5E-9665A1FF7FA6}
		{1A9F7C53-72B8-CA47-AA14-2C66E52DD702} = {1A9F7C53-72B8-CA47-AA14-2C66E52DD702}
		{D071A967-E921-584A-9398-0B19F9203087} = {D071A967-E921-584A-9398-0B19F9203087}
		{01D2332D-0477-4344-9906-C2B95760A5CF} = {01D2332D-0477-4344-9906-C2B95760A5CF}
		{E95921F4-84E0-BC41-BC48-EFCB47DBF1A2} = {E95921F4-84E0-BC41-BC48-EFCB47DBF1A2}
		{3DA32803-C272-3647-93CB-1831722C1163} = {3DA32803-C272-3647-93CB-1831722C1163}
		{33E3463E-3B4F-F14E-B158-57648B51093B} = {33E3463E-3B4F-F14E-B158-57648B51093B}
		{74D3FCB4-23D1-0A41-9E7E-56EB1E76167F} = {74D3FCB4-23D1-0A41-9E7E-56EB1E76167F}
	EndProjectSection
EndProject
Project("{8BC9CEB8-8B4A-11D0-8D11-00A0C91BC942}") = "App_SimpleOpenGL3", "App_SimpleOpenGL3.vcxproj", "{4C62E225-ACBA-4A4B-9875-DF3EF131F760}"
	ProjectSection(ProjectDependencies) = postProject
		{08CA071D-8FFE-AF46-B339-3455769C9E00} = {08CA071D-8FFE-AF46-B339-3455769C9E00}
		{1A9F7C53-72B8-CA47-AA14-2C66E52DD702} = {1A9F7C53-72B8-CA47-AA14-2C66E52DD702}
	EndProjectSection
EndProject
Project("{8BC9CEB8-8B4A-11D0-8D11-00A0C91BC942}") = "Test_SharedMemoryPhysicsClient", "Test_SharedMemoryPhysicsClient.vcxproj", "{8AE545DD-B842-7543-BAD6-E25AF72362FB}"
	ProjectSection(ProjectDependencies) = postProject
		{065FFB7D-D15E-2641-B7A3-1A61C83A1BCA} = {065FFB7D-D15E-2641-B7A3-1A61C83A1BCA}
		{1A9F7C53-72B8-CA47-AA14-2C66E52DD702} = {1A9F7C53-72B8-CA47-AA14-2C66E52DD702}
		{EF4B6278-B50E-0B48-8DFD-5A0C51B14099} = {EF4B6278-B50E-0B48-8DFD-5A0C51B14099}
	EndProjectSection
EndProject
Project("{8BC9CEB8-8B4A-11D0-8D11-00A0C91BC942}") = "Test_PhysicsClientUDP", "Test_PhysicsClientUDP.vcxproj", "{DF9FDD85-2AC7-4D4A-85F1-E0FB0657056F}"
	ProjectSection(ProjectDependencies) = postProject
		{33E3463E-3B4F-F14E-B158-57648B51093B} = {33E3463E-3B4F-F14E-B158-57648B51093B}
		{065FFB7D-D15E-2641-B7A3-1A61C83A1BCA} = {065FFB7D-D15E-2641-B7A3-1A61C83A1BCA}
		{1A9F7C53-72B8-CA47-AA14-2C66E52DD702} = {1A9F7C53-72B8-CA47-AA14-2C66E52DD702}
		{EF4B6278-B50E-0B48-8DFD-5A0C51B14099} = {EF4B6278-B50E-0B48-8DFD-5A0C51B14099}
	EndProjectSection
EndProject
Project("{8BC9CEB8-8B4A-11D0-8D11-00A0C91BC942}") = "Test_PhysicsClientTCP", "Test_PhysicsClientTCP.vcxproj", "{540EDAB9-7B47-464F-BE3D-EF4E5C526C6E}"
	ProjectSection(ProjectDependencies) = postProject
		{74D3FCB4-23D1-0A41-9E7E-56EB1E76167F} = {74D3FCB4-23D1-0A41-9E7E-56EB1E76167F}
		{065FFB7D-D15E-2641-B7A3-1A61C83A1BCA} = {065FFB7D-D15E-2641-B7A3-1A61C83A1BCA}
		{1A9F7C53-72B8-CA47-AA14-2C66E52DD702} = {1A9F7C53-72B8-CA47-AA14-2C66E52DD702}
		{EF4B6278-B50E-0B48-8DFD-5A0C51B14099} = {EF4B6278-B50E-0B48-8DFD-5A0C51B14099}
	EndProjectSection
EndProject
Project("{8BC9CEB8-8B4A-11D0-8D11-00A0C91BC942}") = "Test_PhysicsServerLoopBack", "Test_PhysicsServerLoopBack.vcxproj", "{0CA3A154-5E3C-794D-BB61-D893928C5D1D}"
	ProjectSection(ProjectDependencies) = postProject
		{B53D45E1-CABF-1B48-A043-FA31A22AF754} = {B53D45E1-CABF-1B48-A043-FA31A22AF754}
		{79D1EF6B-EA3B-CE46-92BB-80ADA39D0298} = {79D1EF6B-EA3B-CE46-92BB-80ADA39D0298}
		{065FFB7D-D15E-2641-B7A3-1A61C83A1BCA} = {065FFB7D-D15E-2641-B7A3-1A61C83A1BCA}
		{AFECF1FE-8BF3-224F-907B-A0F2561121D6} = {AFECF1FE-8BF3-224F-907B-A0F2561121D6}
		{1A9F7C53-72B8-CA47-AA14-2C66E52DD702} = {1A9F7C53-72B8-CA47-AA14-2C66E52DD702}
		{BA247B72-B5C0-CC4B-8538-718F0EE0BE97} = {BA247B72-B5C0-CC4B-8538-718F0EE0BE97}
		{3D5A15D7-1C18-1048-BA3D-27B2BF94BC68} = {3D5A15D7-1C18-1048-BA3D-27B2BF94BC68}
		{A4DC9B4B-E197-EC42-AE5E-9665A1FF7FA6} = {A4DC9B4B-E197-EC42-AE5E-9665A1FF7FA6}
		{EF4B6278-B50E-0B48-8DFD-5A0C51B14099} = {EF4B6278-B50E-0B48-8DFD-5A0C51B14099}
	EndProjectSection
EndProject
Project("{8BC9CEB8-8B4A-11D0-8D11-00A0C91BC942}") = "Test_PhysicsServerDirect", "Test_PhysicsServerDirect.vcxproj", "{6941B74C-CE45-5F49-8F32-C09BDD29624A}"
	ProjectSection(ProjectDependencies) = postProject
		{B53D45E1-CABF-1B48-A043-FA31A22AF754} = {B53D45E1-CABF-1B48-A043-FA31A22AF754}
		{79D1EF6B-EA3B-CE46-92BB-80ADA39D0298} = {79D1EF6B-EA3B-CE46-92BB-80ADA39D0298}
		{065FFB7D-D15E-2641-B7A3-1A61C83A1BCA} = {065FFB7D-D15E-2641-B7A3-1A61C83A1BCA}
		{AFECF1FE-8BF3-224F-907B-A0F2561121D6} = {AFECF1FE-8BF3-224F-907B-A0F2561121D6}
		{1A9F7C53-72B8-CA47-AA14-2C66E52DD702} = {1A9F7C53-72B8-CA47-AA14-2C66E52DD702}
		{BA247B72-B5C0-CC4B-8538-718F0EE0BE97} = {BA247B72-B5C0-CC4B-8538-718F0EE0BE97}
		{3D5A15D7-1C18-1048-BA3D-27B2BF94BC68} = {3D5A15D7-1C18-1048-BA3D-27B2BF94BC68}
		{A4DC9B4B-E197-EC42-AE5E-9665A1FF7FA6} = {A4DC9B4B-E197-EC42-AE5E-9665A1FF7FA6}
		{EF4B6278-B50E-0B48-8DFD-5A0C51B14099} = {EF4B6278-B50E-0B48-8DFD-5A0C51B14099}
	EndProjectSection
EndProject
Project("{8BC9CEB8-8B4A-11D0-8D11-00A0C91BC942}") = "Test_PhysicsServerInProcessExampleBrowser", "Test_PhysicsServerInProcessExampleBrowser.vcxproj", "{E140EC9C-8AD4-CC47-A12B-BCF07CD77D40}"
	ProjectSection(ProjectDependencies) = postProject
		{D6F845FB-8D92-904B-81AC-FAEB09056CF2} = {D6F845FB-8D92-904B-81AC-FAEB09056CF2}
		{486B6CF5-C200-8A42-8D6A-A0E3BC339485} = {486B6CF5-C200-8A42-8D6A-A0E3BC339485}
		{08CA071D-8FFE-AF46-B339-3455769C9E00} = {08CA071D-8FFE-AF46-B339-3455769C9E00}
		{065FFB7D-D15E-2641-B7A3-1A61C83A1BCA} = {065FFB7D-D15E-2641-B7A3-1A61C83A1BCA}
		{AFECF1FE-8BF3-224F-907B-A0F2561121D6} = {AFECF1FE-8BF3-224F-907B-A0F2561121D6}
		{6D32CB38-A663-3841-9684-9D379F15506A} = {6D32CB38-A663-3841-9684-9D379F15506A}
		{B53D45E1-CABF-1B48-A043-FA31A22AF754} = {B53D45E1-CABF-1B48-A043-FA31A22AF754}
		{79D1EF6B-EA3B-CE46-92BB-80ADA39D0298} = {79D1EF6B-EA3B-CE46-92BB-80ADA39D0298}
		{BA247B72-B5C0-CC4B-8538-718F0EE0BE97} = {BA247B72-B5C0-CC4B-8538-718F0EE0BE97}
		{3D5A15D7-1C18-1048-BA3D-27B2BF94BC68} = {3D5A15D7-1C18-1048-BA3D-27B2BF94BC68}
		{EF4B6278-B50E-0B48-8DFD-5A0C51B14099} = {EF4B6278-B50E-0B48-8DFD-5A0C51B14099}
		{A4DC9B4B-E197-EC42-AE5E-9665A1FF7FA6} = {A4DC9B4B-E197-EC42-AE5E-9665A1FF7FA6}
		{1A9F7C53-72B8-CA47-AA14-2C66E52DD702} = {1A9F7C53-72B8-CA47-AA14-2C66E52DD702}
		{D071A967-E921-584A-9398-0B19F9203087} = {D071A967-E921-584A-9398-0B19F9203087}
		{01D2332D-0477-4344-9906-C2B95760A5CF} = {01D2332D-0477-4344-9906-C2B95760A5CF}
		{E95921F4-84E0-BC41-BC48-EFCB47DBF1A2} = {E95921F4-84E0-BC41-BC48-EFCB47DBF1A2}
		{3DA32803-C272-3647-93CB-1831722C1163} = {3DA32803-C272-3647-93CB-1831722C1163}
	EndProjectSection
EndProject
Project("{8BC9CEB8-8B4A-11D0-8D11-00A0C91BC942}") = "rtMidiTest", "rtMidiTest.vcxproj", "{786CEF23-36BD-CF4E-862A-E7B26A79DDAD}"
EndProject
Project("{8BC9CEB8-8B4A-11D0-8D11-00A0C91BC942}") = "clsocket", "clsocket.vcxproj", "{74D3FCB4-23D1-0A41-9E7E-56EB1E76167F}"
EndProject
Project("{8BC9CEB8-8B4A-11D0-8D11-00A0C91BC942}") = "Test_clsocket_EchoServer", "Test_clsocket_EchoServer.vcxproj", "{96D2060D-D512-3140-9BD5-2825E82D4CF5}"
	ProjectSection(ProjectDependencies) = postProject
		{74D3FCB4-23D1-0A41-9E7E-56EB1E76167F} = {74D3FCB4-23D1-0A41-9E7E-56EB1E76167F}
	EndProjectSection
EndProject
Project("{8BC9CEB8-8B4A-11D0-8D11-00A0C91BC942}") = "Test_clsocket_QueryDayTime", "Test_clsocket_QueryDayTime.vcxproj", "{FB999B35-CFC1-0940-A72E-33835F26D37F}"
	ProjectSection(ProjectDependencies) = postProject
		{74D3FCB4-23D1-0A41-9E7E-56EB1E76167F} = {74D3FCB4-23D1-0A41-9E7E-56EB1E76167F}
	EndProjectSection
EndProject
Project("{8BC9CEB8-8B4A-11D0-8D11-00A0C91BC942}") = "enet", "enet.vcxproj", "{33E3463E-3B4F-F14E-B158-57648B51093B}"
EndProject
Project("{8BC9CEB8-8B4A-11D0-8D11-00A0C91BC942}") = "Test_enet_nat_punchthrough_client", "Test_enet_nat_punchthrough_client.vcxproj", "{6562D619-DB36-EB45-B8CF-8B660F35C39F}"
	ProjectSection(ProjectDependencies) = postProject
		{33E3463E-3B4F-F14E-B158-57648B51093B} = {33E3463E-3B4F-F14E-B158-57648B51093B}
	EndProjectSection
EndProject
Project("{8BC9CEB8-8B4A-11D0-8D11-00A0C91BC942}") = "Test_enet_nat_punchthrough_server", "Test_enet_nat_punchthrough_server.vcxproj", "{0F11A43D-FA39-D54A-A5BA-EE8FF906DFD1}"
	ProjectSection(ProjectDependencies) = postProject
		{33E3463E-3B4F-F14E-B158-57648B51093B} = {33E3463E-3B4F-F14E-B158-57648B51093B}
	EndProjectSection
EndProject
Project("{8BC9CEB8-8B4A-11D0-8D11-00A0C91BC942}") = "Test_enet_chat_client", "Test_enet_chat_client.vcxproj", "{98164393-5CAC-2645-89FA-2E738E3C216E}"
	ProjectSection(ProjectDependencies) = postProject
		{33E3463E-3B4F-F14E-B158-57648B51093B} = {33E3463E-3B4F-F14E-B158-57648B51093B}
	EndProjectSection
EndProject
Project("{8BC9CEB8-8B4A-11D0-8D11-00A0C91BC942}") = "Test_enet_chat_server", "Test_enet_chat_server.vcxproj", "{F0826FDA-7CEA-DF45-AB3F-91FEDDE9F968}"
	ProjectSection(ProjectDependencies) = postProject
		{33E3463E-3B4F-F14E-B158-57648B51093B} = {33E3463E-3B4F-F14E-B158-57648B51093B}
	EndProjectSection
EndProject
Project("{8BC9CEB8-8B4A-11D0-8D11-00A0C91BC942}") = "Bullet3Common", "Bullet3Common.vcxproj", "{1A9F7C53-72B8-CA47-AA14-2C66E52DD702}"
EndProject
Project("{8BC9CEB8-8B4A-11D0-8D11-00A0C91BC942}") = "Bullet3Geometry", "Bullet3Geometry.vcxproj", "{3DA32803-C272-3647-93CB-1831722C1163}"
EndProject
Project("{8BC9CEB8-8B4A-11D0-8D11-00A0C91BC942}") = "Bullet3Collision", "Bullet3Collision.vcxproj", "{E95921F4-84E0-BC41-BC48-EFCB47DBF1A2}"
EndProject
Project("{8BC9CEB8-8B4A-11D0-8D11-00A0C91BC942}") = "Bullet3Dynamics", "Bullet3Dynamics.vcxproj", "{01D2332D-0477-4344-9906-C2B95760A5CF}"
EndProject
Project("{8BC9CEB8-8B4A-11D0-8D11-00A0C91BC942}") = "Bullet3OpenCL_clew", "Bullet3OpenCL_clew.vcxproj", "{D071A967-E921-584A-9398-0B19F9203087}"
EndProject
Project("{8BC9CEB8-8B4A-11D0-8D11-00A0C91BC942}") = "Bullet2FileLoader", "Bullet2FileLoader.vcxproj", "{327EAE2F-C6F2-4C4E-8FC5-A62609CB74E6}"
EndProject
Project("{8BC9CEB8-8B4A-11D0-8D11-00A0C91BC942}") = "HACD", "HACD.vcxproj", "{F590AF42-FAE9-4342-8BBE-678736013762}"
EndProject
Project("{8BC9CEB8-8B4A-11D0-8D11-00A0C91BC942}") = "vhacd", "vhacd.vcxproj", "{DAC2BEBD-75A5-C545-9B13-19351B1109CE}"
EndProject
Project("{8BC9CEB8-8B4A-11D0-8D11-00A0C91BC942}") = "test_vhacd", "test_vhacd.vcxproj", "{C47150B6-6715-D343-AD8D-7A8359385A6C}"
	ProjectSection(ProjectDependencies) = postProject
		{DAC2BEBD-75A5-C545-9B13-19351B1109CE} = {DAC2BEBD-75A5-C545-9B13-19351B1109CE}
	EndProjectSection
EndProject
Project("{8BC9CEB8-8B4A-11D0-8D11-00A0C91BC942}") = "ConvexDecomposition", "ConvexDecomposition.vcxproj", "{26BC4BC2-29F0-FE48-99AA-639D1E3A029A}"
EndProject
Project("{8BC9CEB8-8B4A-11D0-8D11-00A0C91BC942}") = "BulletInverseDynamicsUtils", "BulletInverseDynamicsUtils.vcxproj", "{B53D45E1-CABF-1B48-A043-FA31A22AF754}"
EndProject
Project("{8BC9CEB8-8B4A-11D0-8D11-00A0C91BC942}") = "BulletFileLoader", "BulletFileLoader.vcxproj", "{065FFB7D-D15E-2641-B7A3-1A61C83A1BCA}"
EndProject
Project("{8BC9CEB8-8B4A-11D0-8D11-00A0C91BC942}") = "BulletWorldImporter", "BulletWorldImporter.vcxproj", "{AFECF1FE-8BF3-224F-907B-A0F2561121D6}"
EndProject
Project("{8BC9CEB8-8B4A-11D0-8D11-00A0C91BC942}") = "BulletXmlWorldImporter", "BulletXmlWorldImporter.vcxproj", "{09313D21-8483-124E-A8FD-ECA61C54F8AF}"
EndProject
Project("{8BC9CEB8-8B4A-11D0-8D11-00A0C91BC942}") = "App_obj2sdf", "App_obj2sdf.vcxproj", "{53BDEA2B-E693-994C-8C52-8BB4BB0F092D}"
	ProjectSection(ProjectDependencies) = postProject
		{1A9F7C53-72B8-CA47-AA14-2C66E52DD702} = {1A9F7C53-72B8-CA47-AA14-2C66E52DD702}
	EndProjectSection
EndProject
Project("{8BC9CEB8-8B4A-11D0-8D11-00A0C91BC942}") = "Test_LinearMath", "Test_LinearMath.vcxproj", "{5B719EE4-D0B0-674F-B512-E9C06438D290}"
	ProjectSection(ProjectDependencies) = postProject
		{BA247B72-B5C0-CC4B-8538-718F0EE0BE97} = {BA247B72-B5C0-CC4B-8538-718F0EE0BE97}
		{3D5A15D7-1C18-1048-BA3D-27B2BF94BC68} = {3D5A15D7-1C18-1048-BA3D-27B2BF94BC68}
		{EF4B6278-B50E-0B48-8DFD-5A0C51B14099} = {EF4B6278-B50E-0B48-8DFD-5A0C51B14099}
	EndProjectSection
EndProject
Project("{8BC9CEB8-8B4A-11D0-8D11-00A0C91BC942}") = "gtest", "gtest.vcxproj", "{49523501-6687-1746-9FE1-87429A8DE09D}"
EndProject
Project("{8BC9CEB8-8B4A-11D0-8D11-00A0C91BC942}") = "Test_BulletCollision", "Test_BulletCollision.vcxproj", "{F19FCF70-0CA5-A748-9E68-EE3D41D381FD}"
	ProjectSection(ProjectDependencies) = postProject
		{EF4B6278-B50E-0B48-8DFD-5A0C51B14099} = {EF4B6278-B50E-0B48-8DFD-5A0C51B14099}
		{49523501-6687-1746-9FE1-87429A8DE09D} = {49523501-6687-1746-9FE1-87429A8DE09D}
	EndProjectSection
EndProject
Project("{8BC9CEB8-8B4A-11D0-8D11-00A0C91BC942}") = "Test_BulletDynamics", "Test_BulletDynamics.vcxproj", "{7E11FBC1-F1EF-0B4F-B9D9-DC13DE86E287}"
	ProjectSection(ProjectDependencies) = postProject
		{BA247B72-B5C0-CC4B-8538-718F0EE0BE97} = {BA247B72-B5C0-CC4B-8538-718F0EE0BE97}
		{3D5A15D7-1C18-1048-BA3D-27B2BF94BC68} = {3D5A15D7-1C18-1048-BA3D-27B2BF94BC68}
		{EF4B6278-B50E-0B48-8DFD-5A0C51B14099} = {EF4B6278-B50E-0B48-8DFD-5A0C51B14099}
		{49523501-6687-1746-9FE1-87429A8DE09D} = {49523501-6687-1746-9FE1-87429A8DE09D}
	EndProjectSection
EndProject
Project("{8BC9CEB8-8B4A-11D0-8D11-00A0C91BC942}") = "Test_InverseDynamicsKinematics", "Test_InverseDynamicsKinematics.vcxproj", "{9A8FA6F3-F931-1545-AAA7-D32508497D40}"
	ProjectSection(ProjectDependencies) = postProject
		{B53D45E1-CABF-1B48-A043-FA31A22AF754} = {B53D45E1-CABF-1B48-A043-FA31A22AF754}
		{79D1EF6B-EA3B-CE46-92BB-80ADA39D0298} = {79D1EF6B-EA3B-CE46-92BB-80ADA39D0298}
		{1A9F7C53-72B8-CA47-AA14-2C66E52DD702} = {1A9F7C53-72B8-CA47-AA14-2C66E52DD702}
		{EF4B6278-B50E-0B48-8DFD-5A0C51B14099} = {EF4B6278-B50E-0B48-8DFD-5A0C51B14099}
		{49523501-6687-1746-9FE1-87429A8DE09D} = {49523501-6687-1746-9FE1-87429A8DE09D}
	EndProjectSection
EndProject
Project("{8BC9CEB8-8B4A-11D0-8D11-00A0C91BC942}") = "Test_InverseDynamicsJacobian", "Test_InverseDynamicsJacobian.vcxproj", "{2DF10CFB-2C26-F545-B40A-56427787A674}"
	ProjectSection(ProjectDependencies) = postProject
		{B53D45E1-CABF-1B48-A043-FA31A22AF754} = {B53D45E1-CABF-1B48-A043-FA31A22AF754}
		{79D1EF6B-EA3B-CE46-92BB-80ADA39D0298} = {79D1EF6B-EA3B-CE46-92BB-80ADA39D0298}
		{1A9F7C53-72B8-CA47-AA14-2C66E52DD702} = {1A9F7C53-72B8-CA47-AA14-2C66E52DD702}
		{EF4B6278-B50E-0B48-8DFD-5A0C51B14099} = {EF4B6278-B50E-0B48-8DFD-5A0C51B14099}
		{49523501-6687-1746-9FE1-87429A8DE09D} = {49523501-6687-1746-9FE1-87429A8DE09D}
	EndProjectSection
EndProject
Project("{8BC9CEB8-8B4A-11D0-8D11-00A0C91BC942}") = "Test_InverseForwardDynamics", "Test_InverseForwardDynamics.vcxproj", "{83F429CA-AA99-DE4B-8BF3-A194A173AD26}"
	ProjectSection(ProjectDependencies) = postProject
		{BA247B72-B5C0-CC4B-8538-718F0EE0BE97} = {BA247B72-B5C0-CC4B-8538-718F0EE0BE97}
		{3D5A15D7-1C18-1048-BA3D-27B2BF94BC68} = {3D5A15D7-1C18-1048-BA3D-27B2BF94BC68}
		{B53D45E1-CABF-1B48-A043-FA31A22AF754} = {B53D45E1-CABF-1B48-A043-FA31A22AF754}
		{79D1EF6B-EA3B-CE46-92BB-80ADA39D0298} = {79D1EF6B-EA3B-CE46-92BB-80ADA39D0298}
		{1A9F7C53-72B8-CA47-AA14-2C66E52DD702} = {1A9F7C53-72B8-CA47-AA14-2C66E52DD702}
		{EF4B6278-B50E-0B48-8DFD-5A0C51B14099} = {EF4B6278-B50E-0B48-8DFD-5A0C51B14099}
		{49523501-6687-1746-9FE1-87429A8DE09D} = {49523501-6687-1746-9FE1-87429A8DE09D}
	EndProjectSection
EndProject
Project("{8BC9CEB8-8B4A-11D0-8D11-00A0C91BC942}") = "Test_OpenCL_Bullet3", "Test_OpenCL_Bullet3.vcxproj", "{F64A9491-2D34-7A47-8215-5AE3FF514339}"
	ProjectSection(ProjectDependencies) = postProject
		{49523501-6687-1746-9FE1-87429A8DE09D} = {49523501-6687-1746-9FE1-87429A8DE09D}
		{D071A967-E921-584A-9398-0B19F9203087} = {D071A967-E921-584A-9398-0B19F9203087}
		{1A9F7C53-72B8-CA47-AA14-2C66E52DD702} = {1A9F7C53-72B8-CA47-AA14-2C66E52DD702}
	EndProjectSection
EndProject
Project("{8BC9CEB8-8B4A-11D0-8D11-00A0C91BC942}") = "Test_Gwen_OpenGL", "Test_Gwen_OpenGL.vcxproj", "{97603274-4491-F847-903B-3601634B6A40}"
	ProjectSection(ProjectDependencies) = postProject
		{486B6CF5-C200-8A42-8D6A-A0E3BC339485} = {486B6CF5-C200-8A42-8D6A-A0E3BC339485}
		{1A9F7C53-72B8-CA47-AA14-2C66E52DD702} = {1A9F7C53-72B8-CA47-AA14-2C66E52DD702}
	EndProjectSection
EndProject
Project("{8BC9CEB8-8B4A-11D0-8D11-00A0C91BC942}") = "BulletInverseDynamics", "BulletInverseDynamics.vcxproj", "{79D1EF6B-EA3B-CE46-92BB-80ADA39D0298}"
EndProject
Project("{8BC9CEB8-8B4A-11D0-8D11-00A0C91BC942}") = "BulletSoftBody", "BulletSoftBody.vcxproj", "{6D32CB38-A663-3841-9684-9D379F15506A}"
EndProject
Project("{8BC9CEB8-8B4A-11D0-8D11-00A0C91BC942}") = "BulletDynamics", "BulletDynamics.vcxproj", "{BA247B72-B5C0-CC4B-8538-718F0EE0BE97}"
EndProject
Project("{8BC9CEB8-8B4A-11D0-8D11-00A0C91BC942}") = "BulletCollision", "BulletCollision.vcxproj", "{3D5A15D7-1C18-1048-BA3D-27B2BF94BC68}"
EndProject
Project("{8BC9CEB8-8B4A-11D0-8D11-00A0C91BC942}") = "LinearMath", "LinearMath.vcxproj", "{EF4B6278-B50E-0B48-8DFD-5A0C51B14099}"
EndProject
Global
	GlobalSection(SolutionConfigurationPlatforms) = preSolution
		Release|Win32 = Release|Win32
		Release|x64 = Release|x64
		Debug|Win32 = Debug|Win32
		Debug|x64 = Debug|x64
	EndGlobalSection
	GlobalSection(ProjectConfigurationPlatforms) = postSolution
		{566AF77D-316A-4344-B3D7-E22A1E8B2277}.Release|Win32.ActiveCfg = Release|Win32
		{566AF77D-316A-4344-B3D7-E22A1E8B2277}.Release|Win32.Build.0 = Release|Win32
		{566AF77D-316A-4344-B3D7-E22A1E8B2277}.Release|x64.ActiveCfg = Release|x64
		{566AF77D-316A-4344-B3D7-E22A1E8B2277}.Release|x64.Build.0 = Release|x64
		{566AF77D-316A-4344-B3D7-E22A1E8B2277}.Debug|Win32.ActiveCfg = Debug|Win32
		{566AF77D-316A-4344-B3D7-E22A1E8B2277}.Debug|Win32.Build.0 = Debug|Win32
		{566AF77D-316A-4344-B3D7-E22A1E8B2277}.Debug|x64.ActiveCfg = Debug|x64
		{566AF77D-316A-4344-B3D7-E22A1E8B2277}.Debug|x64.Build.0 = Debug|x64
		{D6F845FB-8D92-904B-81AC-FAEB09056CF2}.Release|Win32.ActiveCfg = Release|Win32
		{D6F845FB-8D92-904B-81AC-FAEB09056CF2}.Release|Win32.Build.0 = Release|Win32
		{D6F845FB-8D92-904B-81AC-FAEB09056CF2}.Release|x64.ActiveCfg = Release|x64
		{D6F845FB-8D92-904B-81AC-FAEB09056CF2}.Release|x64.Build.0 = Release|x64
		{D6F845FB-8D92-904B-81AC-FAEB09056CF2}.Debug|Win32.ActiveCfg = Debug|Win32
		{D6F845FB-8D92-904B-81AC-FAEB09056CF2}.Debug|Win32.Build.0 = Debug|Win32
		{D6F845FB-8D92-904B-81AC-FAEB09056CF2}.Debug|x64.ActiveCfg = Debug|x64
		{D6F845FB-8D92-904B-81AC-FAEB09056CF2}.Debug|x64.Build.0 = Debug|x64
		{F0B31512-C26B-4047-BAB4-EF63F37F12C6}.Release|Win32.ActiveCfg = Release|Win32
		{F0B31512-C26B-4047-BAB4-EF63F37F12C6}.Release|Win32.Build.0 = Release|Win32
		{F0B31512-C26B-4047-BAB4-EF63F37F12C6}.Release|x64.ActiveCfg = Release|x64
		{F0B31512-C26B-4047-BAB4-EF63F37F12C6}.Release|x64.Build.0 = Release|x64
		{F0B31512-C26B-4047-BAB4-EF63F37F12C6}.Debug|Win32.ActiveCfg = Debug|Win32
		{F0B31512-C26B-4047-BAB4-EF63F37F12C6}.Debug|Win32.Build.0 = Debug|Win32
		{F0B31512-C26B-4047-BAB4-EF63F37F12C6}.Debug|x64.ActiveCfg = Debug|x64
		{F0B31512-C26B-4047-BAB4-EF63F37F12C6}.Debug|x64.Build.0 = Debug|x64
		{08CA071D-8FFE-AF46-B339-3455769C9E00}.Release|Win32.ActiveCfg = Release|Win32
		{08CA071D-8FFE-AF46-B339-3455769C9E00}.Release|Win32.Build.0 = Release|Win32
		{08CA071D-8FFE-AF46-B339-3455769C9E00}.Release|x64.ActiveCfg = Release|x64
		{08CA071D-8FFE-AF46-B339-3455769C9E00}.Release|x64.Build.0 = Release|x64
		{08CA071D-8FFE-AF46-B339-3455769C9E00}.Debug|Win32.ActiveCfg = Debug|Win32
		{08CA071D-8FFE-AF46-B339-3455769C9E00}.Debug|Win32.Build.0 = Debug|Win32
		{08CA071D-8FFE-AF46-B339-3455769C9E00}.Debug|x64.ActiveCfg = Debug|x64
		{08CA071D-8FFE-AF46-B339-3455769C9E00}.Debug|x64.Build.0 = Debug|x64
		{486B6CF5-C200-8A42-8D6A-A0E3BC339485}.Release|Win32.ActiveCfg = Release|Win32
		{486B6CF5-C200-8A42-8D6A-A0E3BC339485}.Release|Win32.Build.0 = Release|Win32
		{486B6CF5-C200-8A42-8D6A-A0E3BC339485}.Release|x64.ActiveCfg = Release|x64
		{486B6CF5-C200-8A42-8D6A-A0E3BC339485}.Release|x64.Build.0 = Release|x64
		{486B6CF5-C200-8A42-8D6A-A0E3BC339485}.Debug|Win32.ActiveCfg = Debug|Win32
		{486B6CF5-C200-8A42-8D6A-A0E3BC339485}.Debug|Win32.Build.0 = Debug|Win32
		{486B6CF5-C200-8A42-8D6A-A0E3BC339485}.Debug|x64.ActiveCfg = Debug|x64
		{486B6CF5-C200-8A42-8D6A-A0E3BC339485}.Debug|x64.Build.0 = Debug|x64
		{96F642C9-88E0-0D43-A75B-A9552E7169E8}.Release|Win32.ActiveCfg = Release|Win32
		{96F642C9-88E0-0D43-A75B-A9552E7169E8}.Release|Win32.Build.0 = Release|Win32
		{96F642C9-88E0-0D43-A75B-A9552E7169E8}.Release|x64.ActiveCfg = Release|x64
		{96F642C9-88E0-0D43-A75B-A9552E7169E8}.Release|x64.Build.0 = Release|x64
		{96F642C9-88E0-0D43-A75B-A9552E7169E8}.Debug|Win32.ActiveCfg = Debug|Win32
		{96F642C9-88E0-0D43-A75B-A9552E7169E8}.Debug|Win32.Build.0 = Debug|Win32
		{96F642C9-88E0-0D43-A75B-A9552E7169E8}.Debug|x64.ActiveCfg = Debug|x64
		{96F642C9-88E0-0D43-A75B-A9552E7169E8}.Debug|x64.Build.0 = Debug|x64
		{ACEB84F4-EC1C-1C4B-86AB-5E1F2B0FE577}.Release|Win32.ActiveCfg = Release|Win32
		{ACEB84F4-EC1C-1C4B-86AB-5E1F2B0FE577}.Release|Win32.Build.0 = Release|Win32
		{ACEB84F4-EC1C-1C4B-86AB-5E1F2B0FE577}.Release|x64.ActiveCfg = Release|x64
		{ACEB84F4-EC1C-1C4B-86AB-5E1F2B0FE577}.Release|x64.Build.0 = Release|x64
		{ACEB84F4-EC1C-1C4B-86AB-5E1F2B0FE577}.Debug|Win32.ActiveCfg = Debug|Win32
		{ACEB84F4-EC1C-1C4B-86AB-5E1F2B0FE577}.Debug|Win32.Build.0 = Debug|Win32
		{ACEB84F4-EC1C-1C4B-86AB-5E1F2B0FE577}.Debug|x64.ActiveCfg = Debug|x64
		{ACEB84F4-EC1C-1C4B-86AB-5E1F2B0FE577}.Debug|x64.Build.0 = Debug|x64
		{B3E024BB-1CD8-A14C-BA01-0493EC8D91CE}.Release|Win32.ActiveCfg = Release|Win32
		{B3E024BB-1CD8-A14C-BA01-0493EC8D91CE}.Release|Win32.Build.0 = Release|Win32
		{B3E024BB-1CD8-A14C-BA01-0493EC8D91CE}.Release|x64.ActiveCfg = Release|x64
		{B3E024BB-1CD8-A14C-BA01-0493EC8D91CE}.Release|x64.Build.0 = Release|x64
		{B3E024BB-1CD8-A14C-BA01-0493EC8D91CE}.Debug|Win32.ActiveCfg = Debug|Win32
		{B3E024BB-1CD8-A14C-BA01-0493EC8D91CE}.Debug|Win32.Build.0 = Debug|Win32
		{B3E024BB-1CD8-A14C-BA01-0493EC8D91CE}.Debug|x64.ActiveCfg = Debug|x64
		{B3E024BB-1CD8-A14C-BA01-0493EC8D91CE}.Debug|x64.Build.0 = Debug|x64
		{27D5847A-35DF-1C49-86C8-46C6093740D8}.Release|Win32.ActiveCfg = Release|Win32
		{27D5847A-35DF-1C49-86C8-46C6093740D8}.Release|Win32.Build.0 = Release|Win32
		{27D5847A-35DF-1C49-86C8-46C6093740D8}.Release|x64.ActiveCfg = Release|x64
		{27D5847A-35DF-1C49-86C8-46C6093740D8}.Release|x64.Build.0 = Release|x64
		{27D5847A-35DF-1C49-86C8-46C6093740D8}.Debug|Win32.ActiveCfg = Debug|Win32
		{27D5847A-35DF-1C49-86C8-46C6093740D8}.Debug|Win32.Build.0 = Debug|Win32
		{27D5847A-35DF-1C49-86C8-46C6093740D8}.Debug|x64.ActiveCfg = Debug|x64
		{27D5847A-35DF-1C49-86C8-46C6093740D8}.Debug|x64.Build.0 = Debug|x64
		{DD14C277-0EFB-C543-8EAF-5C02BF4B66DD}.Release|Win32.ActiveCfg = Release|Win32
		{DD14C277-0EFB-C543-8EAF-5C02BF4B66DD}.Release|Win32.Build.0 = Release|Win32
		{DD14C277-0EFB-C543-8EAF-5C02BF4B66DD}.Release|x64.ActiveCfg = Release|x64
		{DD14C277-0EFB-C543-8EAF-5C02BF4B66DD}.Release|x64.Build.0 = Release|x64
		{DD14C277-0EFB-C543-8EAF-5C02BF4B66DD}.Debug|Win32.ActiveCfg = Debug|Win32
		{DD14C277-0EFB-C543-8EAF-5C02BF4B66DD}.Debug|Win32.Build.0 = Debug|Win32
		{DD14C277-0EFB-C543-8EAF-5C02BF4B66DD}.Debug|x64.ActiveCfg = Debug|x64
		{DD14C277-0EFB-C543-8EAF-5C02BF4B66DD}.Debug|x64.Build.0 = Debug|x64
		{42FCCBE4-006C-4945-A821-71158DC3DD8A}.Release|Win32.ActiveCfg = Release|Win32
		{42FCCBE4-006C-4945-A821-71158DC3DD8A}.Release|Win32.Build.0 = Release|Win32
		{42FCCBE4-006C-4945-A821-71158DC3DD8A}.Release|x64.ActiveCfg = Release|x64
		{42FCCBE4-006C-4945-A821-71158DC3DD8A}.Release|x64.Build.0 = Release|x64
		{42FCCBE4-006C-4945-A821-71158DC3DD8A}.Debug|Win32.ActiveCfg = Debug|Win32
		{42FCCBE4-006C-4945-A821-71158DC3DD8A}.Debug|Win32.Build.0 = Debug|Win32
		{42FCCBE4-006C-4945-A821-71158DC3DD8A}.Debug|x64.ActiveCfg = Debug|x64
		{42FCCBE4-006C-4945-A821-71158DC3DD8A}.Debug|x64.Build.0 = Debug|x64
		{041F1375-8961-A046-89EE-3E0A63390CE5}.Release|Win32.ActiveCfg = Release|Win32
		{041F1375-8961-A046-89EE-3E0A63390CE5}.Release|Win32.Build.0 = Release|Win32
		{041F1375-8961-A046-89EE-3E0A63390CE5}.Release|x64.ActiveCfg = Release|x64
		{041F1375-8961-A046-89EE-3E0A63390CE5}.Release|x64.Build.0 = Release|x64
		{041F1375-8961-A046-89EE-3E0A63390CE5}.Debug|Win32.ActiveCfg = Debug|Win32
		{041F1375-8961-A046-89EE-3E0A63390CE5}.Debug|Win32.Build.0 = Debug|Win32
		{041F1375-8961-A046-89EE-3E0A63390CE5}.Debug|x64.ActiveCfg = Debug|x64
		{041F1375-8961-A046-89EE-3E0A63390CE5}.Debug|x64.Build.0 = Debug|x64
		{5F68E265-6F95-2E4E-A19A-BE52B065D697}.Release|Win32.ActiveCfg = Release|Win32
		{5F68E265-6F95-2E4E-A19A-BE52B065D697}.Release|Win32.Build.0 = Release|Win32
		{5F68E265-6F95-2E4E-A19A-BE52B065D697}.Release|x64.ActiveCfg = Release|x64
		{5F68E265-6F95-2E4E-A19A-BE52B065D697}.Release|x64.Build.0 = Release|x64
		{5F68E265-6F95-2E4E-A19A-BE52B065D697}.Debug|Win32.ActiveCfg = Debug|Win32
		{5F68E265-6F95-2E4E-A19A-BE52B065D697}.Debug|Win32.Build.0 = Debug|Win32
		{5F68E265-6F95-2E4E-A19A-BE52B065D697}.Debug|x64.ActiveCfg = Debug|x64
		{5F68E265-6F95-2E4E-A19A-BE52B065D697}.Debug|x64.Build.0 = Debug|x64
		{8BF05534-819F-DD4F-9C73-A13FFA1607D7}.Release|Win32.ActiveCfg = Release|Win32
		{8BF05534-819F-DD4F-9C73-A13FFA1607D7}.Release|Win32.Build.0 = Release|Win32
		{8BF05534-819F-DD4F-9C73-A13FFA1607D7}.Release|x64.ActiveCfg = Release|x64
		{8BF05534-819F-DD4F-9C73-A13FFA1607D7}.Release|x64.Build.0 = Release|x64
		{8BF05534-819F-DD4F-9C73-A13FFA1607D7}.Debug|Win32.ActiveCfg = Debug|Win32
		{8BF05534-819F-DD4F-9C73-A13FFA1607D7}.Debug|Win32.Build.0 = Debug|Win32
		{8BF05534-819F-DD4F-9C73-A13FFA1607D7}.Debug|x64.ActiveCfg = Debug|x64
		{8BF05534-819F-DD4F-9C73-A13FFA1607D7}.Debug|x64.Build.0 = Debug|x64
		{2786DAB9-D47F-1441-971A-687E90F78585}.Release|Win32.ActiveCfg = Release|Win32
		{2786DAB9-D47F-1441-971A-687E90F78585}.Release|Win32.Build.0 = Release|Win32
		{2786DAB9-D47F-1441-971A-687E90F78585}.Release|x64.ActiveCfg = Release|x64
		{2786DAB9-D47F-1441-971A-687E90F78585}.Release|x64.Build.0 = Release|x64
		{2786DAB9-D47F-1441-971A-687E90F78585}.Debug|Win32.ActiveCfg = Debug|Win32
		{2786DAB9-D47F-1441-971A-687E90F78585}.Debug|Win32.Build.0 = Debug|Win32
		{2786DAB9-D47F-1441-971A-687E90F78585}.Debug|x64.ActiveCfg = Debug|x64
		{2786DAB9-D47F-1441-971A-687E90F78585}.Debug|x64.Build.0 = Debug|x64
		{A4DC9B4B-E197-EC42-AE5E-9665A1FF7FA6}.Release|Win32.ActiveCfg = Release|Win32
		{A4DC9B4B-E197-EC42-AE5E-9665A1FF7FA6}.Release|Win32.Build.0 = Release|Win32
		{A4DC9B4B-E197-EC42-AE5E-9665A1FF7FA6}.Release|x64.ActiveCfg = Release|x64
		{A4DC9B4B-E197-EC42-AE5E-9665A1FF7FA6}.Release|x64.Build.0 = Release|x64
		{A4DC9B4B-E197-EC42-AE5E-9665A1FF7FA6}.Debug|Win32.ActiveCfg = Debug|Win32
		{A4DC9B4B-E197-EC42-AE5E-9665A1FF7FA6}.Debug|Win32.Build.0 = Debug|Win32
		{A4DC9B4B-E197-EC42-AE5E-9665A1FF7FA6}.Debug|x64.ActiveCfg = Debug|x64
		{A4DC9B4B-E197-EC42-AE5E-9665A1FF7FA6}.Debug|x64.Build.0 = Debug|x64
		{20AD64BF-AE76-4C48-9EDB-ACB8DAD12248}.Release|Win32.ActiveCfg = Release|Win32
		{20AD64BF-AE76-4C48-9EDB-ACB8DAD12248}.Release|Win32.Build.0 = Release|Win32
		{20AD64BF-AE76-4C48-9EDB-ACB8DAD12248}.Release|x64.ActiveCfg = Release|x64
		{20AD64BF-AE76-4C48-9EDB-ACB8DAD12248}.Release|x64.Build.0 = Release|x64
		{20AD64BF-AE76-4C48-9EDB-ACB8DAD12248}.Debug|Win32.ActiveCfg = Debug|Win32
		{20AD64BF-AE76-4C48-9EDB-ACB8DAD12248}.Debug|Win32.Build.0 = Debug|Win32
		{20AD64BF-AE76-4C48-9EDB-ACB8DAD12248}.Debug|x64.ActiveCfg = Debug|x64
		{20AD64BF-AE76-4C48-9EDB-ACB8DAD12248}.Debug|x64.Build.0 = Debug|x64
		{4C62E225-ACBA-4A4B-9875-DF3EF131F760}.Release|Win32.ActiveCfg = Release|Win32
		{4C62E225-ACBA-4A4B-9875-DF3EF131F760}.Release|Win32.Build.0 = Release|Win32
		{4C62E225-ACBA-4A4B-9875-DF3EF131F760}.Release|x64.ActiveCfg = Release|x64
		{4C62E225-ACBA-4A4B-9875-DF3EF131F760}.Release|x64.Build.0 = Release|x64
		{4C62E225-ACBA-4A4B-9875-DF3EF131F760}.Debug|Win32.ActiveCfg = Debug|Win32
		{4C62E225-ACBA-4A4B-9875-DF3EF131F760}.Debug|Win32.Build.0 = Debug|Win32
		{4C62E225-ACBA-4A4B-9875-DF3EF131F760}.Debug|x64.ActiveCfg = Debug|x64
		{4C62E225-ACBA-4A4B-9875-DF3EF131F760}.Debug|x64.Build.0 = Debug|x64
		{8AE545DD-B842-7543-BAD6-E25AF72362FB}.Release|Win32.ActiveCfg = Release|Win32
		{8AE545DD-B842-7543-BAD6-E25AF72362FB}.Release|Win32.Build.0 = Release|Win32
		{8AE545DD-B842-7543-BAD6-E25AF72362FB}.Release|x64.ActiveCfg = Release|x64
		{8AE545DD-B842-7543-BAD6-E25AF72362FB}.Release|x64.Build.0 = Release|x64
		{8AE545DD-B842-7543-BAD6-E25AF72362FB}.Debug|Win32.ActiveCfg = Debug|Win32
		{8AE545DD-B842-7543-BAD6-E25AF72362FB}.Debug|Win32.Build.0 = Debug|Win32
		{8AE545DD-B842-7543-BAD6-E25AF72362FB}.Debug|x64.ActiveCfg = Debug|x64
		{8AE545DD-B842-7543-BAD6-E25AF72362FB}.Debug|x64.Build.0 = Debug|x64
		{DF9FDD85-2AC7-4D4A-85F1-E0FB0657056F}.Release|Win32.ActiveCfg = Release|Win32
		{DF9FDD85-2AC7-4D4A-85F1-E0FB0657056F}.Release|Win32.Build.0 = Release|Win32
		{DF9FDD85-2AC7-4D4A-85F1-E0FB0657056F}.Release|x64.ActiveCfg = Release|x64
		{DF9FDD85-2AC7-4D4A-85F1-E0FB0657056F}.Release|x64.Build.0 = Release|x64
		{DF9FDD85-2AC7-4D4A-85F1-E0FB0657056F}.Debug|Win32.ActiveCfg = Debug|Win32
		{DF9FDD85-2AC7-4D4A-85F1-E0FB0657056F}.Debug|Win32.Build.0 = Debug|Win32
		{DF9FDD85-2AC7-4D4A-85F1-E0FB0657056F}.Debug|x64.ActiveCfg = Debug|x64
		{DF9FDD85-2AC7-4D4A-85F1-E0FB0657056F}.Debug|x64.Build.0 = Debug|x64
		{540EDAB9-7B47-464F-BE3D-EF4E5C526C6E}.Release|Win32.ActiveCfg = Release|Win32
		{540EDAB9-7B47-464F-BE3D-EF4E5C526C6E}.Release|Win32.Build.0 = Release|Win32
		{540EDAB9-7B47-464F-BE3D-EF4E5C526C6E}.Release|x64.ActiveCfg = Release|x64
		{540EDAB9-7B47-464F-BE3D-EF4E5C526C6E}.Release|x64.Build.0 = Release|x64
		{540EDAB9-7B47-464F-BE3D-EF4E5C526C6E}.Debug|Win32.ActiveCfg = Debug|Win32
		{540EDAB9-7B47-464F-BE3D-EF4E5C526C6E}.Debug|Win32.Build.0 = Debug|Win32
		{540EDAB9-7B47-464F-BE3D-EF4E5C526C6E}.Debug|x64.ActiveCfg = Debug|x64
		{540EDAB9-7B47-464F-BE3D-EF4E5C526C6E}.Debug|x64.Build.0 = Debug|x64
		{0CA3A154-5E3C-794D-BB61-D893928C5D1D}.Release|Win32.ActiveCfg = Release|Win32
		{0CA3A154-5E3C-794D-BB61-D893928C5D1D}.Release|Win32.Build.0 = Release|Win32
		{0CA3A154-5E3C-794D-BB61-D893928C5D1D}.Release|x64.ActiveCfg = Release|x64
		{0CA3A154-5E3C-794D-BB61-D893928C5D1D}.Release|x64.Build.0 = Release|x64
		{0CA3A154-5E3C-794D-BB61-D893928C5D1D}.Debug|Win32.ActiveCfg = Debug|Win32
		{0CA3A154-5E3C-794D-BB61-D893928C5D1D}.Debug|Win32.Build.0 = Debug|Win32
		{0CA3A154-5E3C-794D-BB61-D893928C5D1D}.Debug|x64.ActiveCfg = Debug|x64
		{0CA3A154-5E3C-794D-BB61-D893928C5D1D}.Debug|x64.Build.0 = Debug|x64
		{6941B74C-CE45-5F49-8F32-C09BDD29624A}.Release|Win32.ActiveCfg = Release|Win32
		{6941B74C-CE45-5F49-8F32-C09BDD29624A}.Release|Win32.Build.0 = Release|Win32
		{6941B74C-CE45-5F49-8F32-C09BDD29624A}.Release|x64.ActiveCfg = Release|x64
		{6941B74C-CE45-5F49-8F32-C09BDD29624A}.Release|x64.Build.0 = Release|x64
		{6941B74C-CE45-5F49-8F32-C09BDD29624A}.Debug|Win32.ActiveCfg = Debug|Win32
		{6941B74C-CE45-5F49-8F32-C09BDD29624A}.Debug|Win32.Build.0 = Debug|Win32
		{6941B74C-CE45-5F49-8F32-C09BDD29624A}.Debug|x64.ActiveCfg = Debug|x64
		{6941B74C-CE45-5F49-8F32-C09BDD29624A}.Debug|x64.Build.0 = Debug|x64
		{E140EC9C-8AD4-CC47-A12B-BCF07CD77D40}.Release|Win32.ActiveCfg = Release|Win32
		{E140EC9C-8AD4-CC47-A12B-BCF07CD77D40}.Release|Win32.Build.0 = Release|Win32
		{E140EC9C-8AD4-CC47-A12B-BCF07CD77D40}.Release|x64.ActiveCfg = Release|x64
		{E140EC9C-8AD4-CC47-A12B-BCF07CD77D40}.Release|x64.Build.0 = Release|x64
		{E140EC9C-8AD4-CC47-A12B-BCF07CD77D40}.Debug|Win32.ActiveCfg = Debug|Win32
		{E140EC9C-8AD4-CC47-A12B-BCF07CD77D40}.Debug|Win32.Build.0 = Debug|Win32
		{E140EC9C-8AD4-CC47-A12B-BCF07CD77D40}.Debug|x64.ActiveCfg = Debug|x64
		{E140EC9C-8AD4-CC47-A12B-BCF07CD77D40}.Debug|x64.Build.0 = Debug|x64
		{786CEF23-36BD-CF4E-862A-E7B26A79DDAD}.Release|Win32.ActiveCfg = Release|Win32
		{786CEF23-36BD-CF4E-862A-E7B26A79DDAD}.Release|Win32.Build.0 = Release|Win32
		{786CEF23-36BD-CF4E-862A-E7B26A79DDAD}.Release|x64.ActiveCfg = Release|x64
		{786CEF23-36BD-CF4E-862A-E7B26A79DDAD}.Release|x64.Build.0 = Release|x64
		{786CEF23-36BD-CF4E-862A-E7B26A79DDAD}.Debug|Win32.ActiveCfg = Debug|Win32
		{786CEF23-36BD-CF4E-862A-E7B26A79DDAD}.Debug|Win32.Build.0 = Debug|Win32
		{786CEF23-36BD-CF4E-862A-E7B26A79DDAD}.Debug|x64.ActiveCfg = Debug|x64
		{786CEF23-36BD-CF4E-862A-E7B26A79DDAD}.Debug|x64.Build.0 = Debug|x64
		{74D3FCB4-23D1-0A41-9E7E-56EB1E76167F}.Release|Win32.ActiveCfg = Release|Win32
		{74D3FCB4-23D1-0A41-9E7E-56EB1E76167F}.Release|Win32.Build.0 = Release|Win32
		{74D3FCB4-23D1-0A41-9E7E-56EB1E76167F}.Release|x64.ActiveCfg = Release|x64
		{74D3FCB4-23D1-0A41-9E7E-56EB1E76167F}.Release|x64.Build.0 = Release|x64
		{74D3FCB4-23D1-0A41-9E7E-56EB1E76167F}.Debug|Win32.ActiveCfg = Debug|Win32
		{74D3FCB4-23D1-0A41-9E7E-56EB1E76167F}.Debug|Win32.Build.0 = Debug|Win32
		{74D3FCB4-23D1-0A41-9E7E-56EB1E76167F}.Debug|x64.ActiveCfg = Debug|x64
		{74D3FCB4-23D1-0A41-9E7E-56EB1E76167F}.Debug|x64.Build.0 = Debug|x64
		{96D2060D-D512-3140-9BD5-2825E82D4CF5}.Release|Win32.ActiveCfg = Release|Win32
		{96D2060D-D512-3140-9BD5-2825E82D4CF5}.Release|Win32.Build.0 = Release|Win32
		{96D2060D-D512-3140-9BD5-2825E82D4CF5}.Release|x64.ActiveCfg = Release|x64
		{96D2060D-D512-3140-9BD5-2825E82D4CF5}.Release|x64.Build.0 = Release|x64
		{96D2060D-D512-3140-9BD5-2825E82D4CF5}.Debug|Win32.ActiveCfg = Debug|Win32
		{96D2060D-D512-3140-9BD5-2825E82D4CF5}.Debug|Win32.Build.0 = Debug|Win32
		{96D2060D-D512-3140-9BD5-2825E82D4CF5}.Debug|x64.ActiveCfg = Debug|x64
		{96D2060D-D512-3140-9BD5-2825E82D4CF5}.Debug|x64.Build.0 = Debug|x64
		{FB999B35-CFC1-0940-A72E-33835F26D37F}.Release|Win32.ActiveCfg = Release|Win32
		{FB999B35-CFC1-0940-A72E-33835F26D37F}.Release|Win32.Build.0 = Release|Win32
		{FB999B35-CFC1-0940-A72E-33835F26D37F}.Release|x64.ActiveCfg = Release|x64
		{FB999B35-CFC1-0940-A72E-33835F26D37F}.Release|x64.Build.0 = Release|x64
		{FB999B35-CFC1-0940-A72E-33835F26D37F}.Debug|Win32.ActiveCfg = Debug|Win32
		{FB999B35-CFC1-0940-A72E-33835F26D37F}.Debug|Win32.Build.0 = Debug|Win32
		{FB999B35-CFC1-0940-A72E-33835F26D37F}.Debug|x64.ActiveCfg = Debug|x64
		{FB999B35-CFC1-0940-A72E-33835F26D37F}.Debug|x64.Build.0 = Debug|x64
		{33E3463E-3B4F-F14E-B158-57648B51093B}.Release|Win32.ActiveCfg = Release|Win32
		{33E3463E-3B4F-F14E-B158-57648B51093B}.Release|Win32.Build.0 = Release|Win32
		{33E3463E-3B4F-F14E-B158-57648B51093B}.Release|x64.ActiveCfg = Release|x64
		{33E3463E-3B4F-F14E-B158-57648B51093B}.Release|x64.Build.0 = Release|x64
		{33E3463E-3B4F-F14E-B158-57648B51093B}.Debug|Win32.ActiveCfg = Debug|Win32
		{33E3463E-3B4F-F14E-B158-57648B51093B}.Debug|Win32.Build.0 = Debug|Win32
		{33E3463E-3B4F-F14E-B158-57648B51093B}.Debug|x64.ActiveCfg = Debug|x64
		{33E3463E-3B4F-F14E-B158-57648B51093B}.Debug|x64.Build.0 = Debug|x64
		{6562D619-DB36-EB45-B8CF-8B660F35C39F}.Release|Win32.ActiveCfg = Release|Win32
		{6562D619-DB36-EB45-B8CF-8B660F35C39F}.Release|Win32.Build.0 = Release|Win32
		{6562D619-DB36-EB45-B8CF-8B660F35C39F}.Release|x64.ActiveCfg = Release|x64
		{6562D619-DB36-EB45-B8CF-8B660F35C39F}.Release|x64.Build.0 = Release|x64
		{6562D619-DB36-EB45-B8CF-8B660F35C39F}.Debug|Win32.ActiveCfg = Debug|Win32
		{6562D619-DB36-EB45-B8CF-8B660F35C39F}.Debug|Win32.Build.0 = Debug|Win32
		{6562D619-DB36-EB45-B8CF-8B660F35C39F}.Debug|x64.ActiveCfg = Debug|x64
		{6562D619-DB36-EB45-B8CF-8B660F35C39F}.Debug|x64.Build.0 = Debug|x64
		{0F11A43D-FA39-D54A-A5BA-EE8FF906DFD1}.Release|Win32.ActiveCfg = Release|Win32
		{0F11A43D-FA39-D54A-A5BA-EE8FF906DFD1}.Release|Win32.Build.0 = Release|Win32
		{0F11A43D-FA39-D54A-A5BA-EE8FF906DFD1}.Release|x64.ActiveCfg = Release|x64
		{0F11A43D-FA39-D54A-A5BA-EE8FF906DFD1}.Release|x64.Build.0 = Release|x64
		{0F11A43D-FA39-D54A-A5BA-EE8FF906DFD1}.Debug|Win32.ActiveCfg = Debug|Win32
		{0F11A43D-FA39-D54A-A5BA-EE8FF906DFD1}.Debug|Win32.Build.0 = Debug|Win32
		{0F11A43D-FA39-D54A-A5BA-EE8FF906DFD1}.Debug|x64.ActiveCfg = Debug|x64
		{0F11A43D-FA39-D54A-A5BA-EE8FF906DFD1}.Debug|x64.Build.0 = Debug|x64
		{98164393-5CAC-2645-89FA-2E738E3C216E}.Release|Win32.ActiveCfg = Release|Win32
		{98164393-5CAC-2645-89FA-2E738E3C216E}.Release|Win32.Build.0 = Release|Win32
		{98164393-5CAC-2645-89FA-2E738E3C216E}.Release|x64.ActiveCfg = Release|x64
		{98164393-5CAC-2645-89FA-2E738E3C216E}.Release|x64.Build.0 = Release|x64
		{98164393-5CAC-2645-89FA-2E738E3C216E}.Debug|Win32.ActiveCfg = Debug|Win32
		{98164393-5CAC-2645-89FA-2E738E3C216E}.Debug|Win32.Build.0 = Debug|Win32
		{98164393-5CAC-2645-89FA-2E738E3C216E}.Debug|x64.ActiveCfg = Debug|x64
		{98164393-5CAC-2645-89FA-2E738E3C216E}.Debug|x64.Build.0 = Debug|x64
		{F0826FDA-7CEA-DF45-AB3F-91FEDDE9F968}.Release|Win32.ActiveCfg = Release|Win32
		{F0826FDA-7CEA-DF45-AB3F-91FEDDE9F968}.Release|Win32.Build.0 = Release|Win32
		{F0826FDA-7CEA-DF45-AB3F-91FEDDE9F968}.Release|x64.ActiveCfg = Release|x64
		{F0826FDA-7CEA-DF45-AB3F-91FEDDE9F968}.Release|x64.Build.0 = Release|x64
		{F0826FDA-7CEA-DF45-AB3F-91FEDDE9F968}.Debug|Win32.ActiveCfg = Debug|Win32
		{F0826FDA-7CEA-DF45-AB3F-91FEDDE9F968}.Debug|Win32.Build.0 = Debug|Win32
		{F0826FDA-7CEA-DF45-AB3F-91FEDDE9F968}.Debug|x64.ActiveCfg = Debug|x64
		{F0826FDA-7CEA-DF45-AB3F-91FEDDE9F968}.Debug|x64.Build.0 = Debug|x64
		{1A9F7C53-72B8-CA47-AA14-2C66E52DD702}.Release|Win32.ActiveCfg = Release|Win32
		{1A9F7C53-72B8-CA47-AA14-2C66E52DD702}.Release|Win32.Build.0 = Release|Win32
		{1A9F7C53-72B8-CA47-AA14-2C66E52DD702}.Release|x64.ActiveCfg = Release|x64
		{1A9F7C53-72B8-CA47-AA14-2C66E52DD702}.Release|x64.Build.0 = Release|x64
		{1A9F7C53-72B8-CA47-AA14-2C66E52DD702}.Debug|Win32.ActiveCfg = Debug|Win32
		{1A9F7C53-72B8-CA47-AA14-2C66E52DD702}.Debug|Win32.Build.0 = Debug|Win32
		{1A9F7C53-72B8-CA47-AA14-2C66E52DD702}.Debug|x64.ActiveCfg = Debug|x64
		{1A9F7C53-72B8-CA47-AA14-2C66E52DD702}.Debug|x64.Build.0 = Debug|x64
		{3DA32803-C272-3647-93CB-1831722C1163}.Release|Win32.ActiveCfg = Release|Win32
		{3DA32803-C272-3647-93CB-1831722C1163}.Release|Win32.Build.0 = Release|Win32
		{3DA32803-C272-3647-93CB-1831722C1163}.Release|x64.ActiveCfg = Release|x64
		{3DA32803-C272-3647-93CB-1831722C1163}.Release|x64.Build.0 = Release|x64
		{3DA32803-C272-3647-93CB-1831722C1163}.Debug|Win32.ActiveCfg = Debug|Win32
		{3DA32803-C272-3647-93CB-1831722C1163}.Debug|Win32.Build.0 = Debug|Win32
		{3DA32803-C272-3647-93CB-1831722C1163}.Debug|x64.ActiveCfg = Debug|x64
		{3DA32803-C272-3647-93CB-1831722C1163}.Debug|x64.Build.0 = Debug|x64
		{E95921F4-84E0-BC41-BC48-EFCB47DBF1A2}.Release|Win32.ActiveCfg = Release|Win32
		{E95921F4-84E0-BC41-BC48-EFCB47DBF1A2}.Release|Win32.Build.0 = Release|Win32
		{E95921F4-84E0-BC41-BC48-EFCB47DBF1A2}.Release|x64.ActiveCfg = Release|x64
		{E95921F4-84E0-BC41-BC48-EFCB47DBF1A2}.Release|x64.Build.0 = Release|x64
		{E95921F4-84E0-BC41-BC48-EFCB47DBF1A2}.Debug|Win32.ActiveCfg = Debug|Win32
		{E95921F4-84E0-BC41-BC48-EFCB47DBF1A2}.Debug|Win32.Build.0 = Debug|Win32
		{E95921F4-84E0-BC41-BC48-EFCB47DBF1A2}.Debug|x64.ActiveCfg = Debug|x64
		{E95921F4-84E0-BC41-BC48-EFCB47DBF1A2}.Debug|x64.Build.0 = Debug|x64
		{01D2332D-0477-4344-9906-C2B95760A5CF}.Release|Win32.ActiveCfg = Release|Win32
		{01D2332D-0477-4344-9906-C2B95760A5CF}.Release|Win32.Build.0 = Release|Win32
		{01D2332D-0477-4344-9906-C2B95760A5CF}.Release|x64.ActiveCfg = Release|x64
		{01D2332D-0477-4344-9906-C2B95760A5CF}.Release|x64.Build.0 = Release|x64
		{01D2332D-0477-4344-9906-C2B95760A5CF}.Debug|Win32.ActiveCfg = Debug|Win32
		{01D2332D-0477-4344-9906-C2B95760A5CF}.Debug|Win32.Build.0 = Debug|Win32
		{01D2332D-0477-4344-9906-C2B95760A5CF}.Debug|x64.ActiveCfg = Debug|x64
		{01D2332D-0477-4344-9906-C2B95760A5CF}.Debug|x64.Build.0 = Debug|x64
		{D071A967-E921-584A-9398-0B19F9203087}.Release|Win32.ActiveCfg = Release|Win32
		{D071A967-E921-584A-9398-0B19F9203087}.Release|Win32.Build.0 = Release|Win32
		{D071A967-E921-584A-9398-0B19F9203087}.Release|x64.ActiveCfg = Release|x64
		{D071A967-E921-584A-9398-0B19F9203087}.Release|x64.Build.0 = Release|x64
		{D071A967-E921-584A-9398-0B19F9203087}.Debug|Win32.ActiveCfg = Debug|Win32
		{D071A967-E921-584A-9398-0B19F9203087}.Debug|Win32.Build.0 = Debug|Win32
		{D071A967-E921-584A-9398-0B19F9203087}.Debug|x64.ActiveCfg = Debug|x64
		{D071A967-E921-584A-9398-0B19F9203087}.Debug|x64.Build.0 = Debug|x64
		{327EAE2F-C6F2-4C4E-8FC5-A62609CB74E6}.Release|Win32.ActiveCfg = Release|Win32
		{327EAE2F-C6F2-4C4E-8FC5-A62609CB74E6}.Release|Win32.Build.0 = Release|Win32
		{327EAE2F-C6F2-4C4E-8FC5-A62609CB74E6}.Release|x64.ActiveCfg = Release|x64
		{327EAE2F-C6F2-4C4E-8FC5-A62609CB74E6}.Release|x64.Build.0 = Release|x64
		{327EAE2F-C6F2-4C4E-8FC5-A62609CB74E6}.Debug|Win32.ActiveCfg = Debug|Win32
		{327EAE2F-C6F2-4C4E-8FC5-A62609CB74E6}.Debug|Win32.Build.0 = Debug|Win32
		{327EAE2F-C6F2-4C4E-8FC5-A62609CB74E6}.Debug|x64.ActiveCfg = Debug|x64
		{327EAE2F-C6F2-4C4E-8FC5-A62609CB74E6}.Debug|x64.Build.0 = Debug|x64
		{F590AF42-FAE9-4342-8BBE-678736013762}.Release|Win32.ActiveCfg = Release|Win32
		{F590AF42-FAE9-4342-8BBE-678736013762}.Release|Win32.Build.0 = Release|Win32
		{F590AF42-FAE9-4342-8BBE-678736013762}.Release|x64.ActiveCfg = Release|x64
		{F590AF42-FAE9-4342-8BBE-678736013762}.Release|x64.Build.0 = Release|x64
		{F590AF42-FAE9-4342-8BBE-678736013762}.Debug|Win32.ActiveCfg = Debug|Win32
		{F590AF42-FAE9-4342-8BBE-678736013762}.Debug|Win32.Build.0 = Debug|Win32
		{F590AF42-FAE9-4342-8BBE-678736013762}.Debug|x64.ActiveCfg = Debug|x64
		{F590AF42-FAE9-4342-8BBE-678736013762}.Debug|x64.Build.0 = Debug|x64
		{DAC2BEBD-75A5-C545-9B13-19351B1109CE}.Release|Win32.ActiveCfg = Release|Win32
		{DAC2BEBD-75A5-C545-9B13-19351B1109CE}.Release|Win32.Build.0 = Release|Win32
		{DAC2BEBD-75A5-C545-9B13-19351B1109CE}.Release|x64.ActiveCfg = Release|x64
		{DAC2BEBD-75A5-C545-9B13-19351B1109CE}.Release|x64.Build.0 = Release|x64
		{DAC2BEBD-75A5-C545-9B13-19351B1109CE}.Debug|Win32.ActiveCfg = Debug|Win32
		{DAC2BEBD-75A5-C545-9B13-19351B1109CE}.Debug|Win32.Build.0 = Debug|Win32
		{DAC2BEBD-75A5-C545-9B13-19351B1109CE}.Debug|x64.ActiveCfg = Debug|x64
		{DAC2BEBD-75A5-C545-9B13-19351B1109CE}.Debug|x64.Build.0 = Debug|x64
		{C47150B6-6715-D343-AD8D-7A8359385A6C}.Release|Win32.ActiveCfg = Release|Win32
		{C47150B6-6715-D343-AD8D-7A8359385A6C}.Release|Win32.Build.0 = Release|Win32
		{C47150B6-6715-D343-AD8D-7A8359385A6C}.Release|x64.ActiveCfg = Release|x64
		{C47150B6-6715-D343-AD8D-7A8359385A6C}.Release|x64.Build.0 = Release|x64
		{C47150B6-6715-D343-AD8D-7A8359385A6C}.Debug|Win32.ActiveCfg = Debug|Win32
		{C47150B6-6715-D343-AD8D-7A8359385A6C}.Debug|Win32.Build.0 = Debug|Win32
		{C47150B6-6715-D343-AD8D-7A8359385A6C}.Debug|x64.ActiveCfg = Debug|x64
		{C47150B6-6715-D343-AD8D-7A8359385A6C}.Debug|x64.Build.0 = Debug|x64
		{26BC4BC2-29F0-FE48-99AA-639D1E3A029A}.Release|Win32.ActiveCfg = Release|Win32
		{26BC4BC2-29F0-FE48-99AA-639D1E3A029A}.Release|Win32.Build.0 = Release|Win32
		{26BC4BC2-29F0-FE48-99AA-639D1E3A029A}.Release|x64.ActiveCfg = Release|x64
		{26BC4BC2-29F0-FE48-99AA-639D1E3A029A}.Release|x64.Build.0 = Release|x64
		{26BC4BC2-29F0-FE48-99AA-639D1E3A029A}.Debug|Win32.ActiveCfg = Debug|Win32
		{26BC4BC2-29F0-FE48-99AA-639D1E3A029A}.Debug|Win32.Build.0 = Debug|Win32
		{26BC4BC2-29F0-FE48-99AA-639D1E3A029A}.Debug|x64.ActiveCfg = Debug|x64
		{26BC4BC2-29F0-FE48-99AA-639D1E3A029A}.Debug|x64.Build.0 = Debug|x64
		{B53D45E1-CABF-1B48-A043-FA31A22AF754}.Release|Win32.ActiveCfg = Release|Win32
		{B53D45E1-CABF-1B48-A043-FA31A22AF754}.Release|Win32.Build.0 = Release|Win32
		{B53D45E1-CABF-1B48-A043-FA31A22AF754}.Release|x64.ActiveCfg = Release|x64
		{B53D45E1-CABF-1B48-A043-FA31A22AF754}.Release|x64.Build.0 = Release|x64
		{B53D45E1-CABF-1B48-A043-FA31A22AF754}.Debug|Win32.ActiveCfg = Debug|Win32
		{B53D45E1-CABF-1B48-A043-FA31A22AF754}.Debug|Win32.Build.0 = Debug|Win32
		{B53D45E1-CABF-1B48-A043-FA31A22AF754}.Debug|x64.ActiveCfg = Debug|x64
		{B53D45E1-CABF-1B48-A043-FA31A22AF754}.Debug|x64.Build.0 = Debug|x64
		{065FFB7D-D15E-2641-B7A3-1A61C83A1BCA}.Release|Win32.ActiveCfg = Release|Win32
		{065FFB7D-D15E-2641-B7A3-1A61C83A1BCA}.Release|Win32.Build.0 = Release|Win32
		{065FFB7D-D15E-2641-B7A3-1A61C83A1BCA}.Release|x64.ActiveCfg = Release|x64
		{065FFB7D-D15E-2641-B7A3-1A61C83A1BCA}.Release|x64.Build.0 = Release|x64
		{065FFB7D-D15E-2641-B7A3-1A61C83A1BCA}.Debug|Win32.ActiveCfg = Debug|Win32
		{065FFB7D-D15E-2641-B7A3-1A61C83A1BCA}.Debug|Win32.Build.0 = Debug|Win32
		{065FFB7D-D15E-2641-B7A3-1A61C83A1BCA}.Debug|x64.ActiveCfg = Debug|x64
		{065FFB7D-D15E-2641-B7A3-1A61C83A1BCA}.Debug|x64.Build.0 = Debug|x64
		{AFECF1FE-8BF3-224F-907B-A0F2561121D6}.Release|Win32.ActiveCfg = Release|Win32
		{AFECF1FE-8BF3-224F-907B-A0F2561121D6}.Release|Win32.Build.0 = Release|Win32
		{AFECF1FE-8BF3-224F-907B-A0F2561121D6}.Release|x64.ActiveCfg = Release|x64
		{AFECF1FE-8BF3-224F-907B-A0F2561121D6}.Release|x64.Build.0 = Release|x64
		{AFECF1FE-8BF3-224F-907B-A0F2561121D6}.Debug|Win32.ActiveCfg = Debug|Win32
		{AFECF1FE-8BF3-224F-907B-A0F2561121D6}.Debug|Win32.Build.0 = Debug|Win32
		{AFECF1FE-8BF3-224F-907B-A0F2561121D6}.Debug|x64.ActiveCfg = Debug|x64
		{AFECF1FE-8BF3-224F-907B-A0F2561121D6}.Debug|x64.Build.0 = Debug|x64
		{09313D21-8483-124E-A8FD-ECA61C54F8AF}.Release|Win32.ActiveCfg = Release|Win32
		{09313D21-8483-124E-A8FD-ECA61C54F8AF}.Release|Win32.Build.0 = Release|Win32
		{09313D21-8483-124E-A8FD-ECA61C54F8AF}.Release|x64.ActiveCfg = Release|x64
		{09313D21-8483-124E-A8FD-ECA61C54F8AF}.Release|x64.Build.0 = Release|x64
		{09313D21-8483-124E-A8FD-ECA61C54F8AF}.Debug|Win32.ActiveCfg = Debug|Win32
		{09313D21-8483-124E-A8FD-ECA61C54F8AF}.Debug|Win32.Build.0 = Debug|Win32
		{09313D21-8483-124E-A8FD-ECA61C54F8AF}.Debug|x64.ActiveCfg = Debug|x64
		{09313D21-8483-124E-A8FD-ECA61C54F8AF}.Debug|x64.Build.0 = Debug|x64
		{53BDEA2B-E693-994C-8C52-8BB4BB0F092D}.Release|Win32.ActiveCfg = Release|Win32
		{53BDEA2B-E693-994C-8C52-8BB4BB0F092D}.Release|Win32.Build.0 = Release|Win32
		{53BDEA2B-E693-994C-8C52-8BB4BB0F092D}.Release|x64.ActiveCfg = Release|x64
		{53BDEA2B-E693-994C-8C52-8BB4BB0F092D}.Release|x64.Build.0 = Release|x64
		{53BDEA2B-E693-994C-8C52-8BB4BB0F092D}.Debug|Win32.ActiveCfg = Debug|Win32
		{53BDEA2B-E693-994C-8C52-8BB4BB0F092D}.Debug|Win32.Build.0 = Debug|Win32
		{53BDEA2B-E693-994C-8C52-8BB4BB0F092D}.Debug|x64.ActiveCfg = Debug|x64
		{53BDEA2B-E693-994C-8C52-8BB4BB0F092D}.Debug|x64.Build.0 = Debug|x64
		{5B719EE4-D0B0-674F-B512-E9C06438D290}.Release|Win32.ActiveCfg = Release|Win32
		{5B719EE4-D0B0-674F-B512-E9C06438D290}.Release|Win32.Build.0 = Release|Win32
		{5B719EE4-D0B0-674F-B512-E9C06438D290}.Release|x64.ActiveCfg = Release|x64
		{5B719EE4-D0B0-674F-B512-E9C06438D290}.Release|x64.Build.0 = Release|x64
		{5B719EE4-D0B0-674F-B512-E9C06438D290}.Debug|Win32.ActiveCfg = Debug|Win32
		{5B719EE4-D0B0-674F-B512-E9C06438D290}.Debug|Win32.Build.0 = Debug|Win32
		{5B719EE4-D0B0-674F-B512-E9C06438D290}.Debug|x64.ActiveCfg = Debug|x64
		{5B719EE4-D0B0-674F-B512-E9C06438D290}.Debug|x64.Build.0 = Debug|x64
		{49523501-6687-1746-9FE1-87429A8DE09D}.Release|Win32.ActiveCfg = Release|Win32
		{49523501-6687-1746-9FE1-87429A8DE09D}.Release|Win32.Build.0 = Release|Win32
		{49523501-6687-1746-9FE1-87429A8DE09D}.Release|x64.ActiveCfg = Release|x64
		{49523501-6687-1746-9FE1-87429A8DE09D}.Release|x64.Build.0 = Release|x64
		{49523501-6687-1746-9FE1-87429A8DE09D}.Debug|Win32.ActiveCfg = Debug|Win32
		{49523501-6687-1746-9FE1-87429A8DE09D}.Debug|Win32.Build.0 = Debug|Win32
		{49523501-6687-1746-9FE1-87429A8DE09D}.Debug|x64.ActiveCfg = Debug|x64
		{49523501-6687-1746-9FE1-87429A8DE09D}.Debug|x64.Build.0 = Debug|x64
		{F19FCF70-0CA5-A748-9E68-EE3D41D381FD}.Release|Win32.ActiveCfg = Release|Win32
		{F19FCF70-0CA5-A748-9E68-EE3D41D381FD}.Release|Win32.Build.0 = Release|Win32
		{F19FCF70-0CA5-A748-9E68-EE3D41D381FD}.Release|x64.ActiveCfg = Release|x64
		{F19FCF70-0CA5-A748-9E68-EE3D41D381FD}.Release|x64.Build.0 = Release|x64
		{F19FCF70-0CA5-A748-9E68-EE3D41D381FD}.Debug|Win32.ActiveCfg = Debug|Win32
		{F19FCF70-0CA5-A748-9E68-EE3D41D381FD}.Debug|Win32.Build.0 = Debug|Win32
		{F19FCF70-0CA5-A748-9E68-EE3D41D381FD}.Debug|x64.ActiveCfg = Debug|x64
		{F19FCF70-0CA5-A748-9E68-EE3D41D381FD}.Debug|x64.Build.0 = Debug|x64
		{7E11FBC1-F1EF-0B4F-B9D9-DC13DE86E287}.Release|Win32.ActiveCfg = Release|Win32
		{7E11FBC1-F1EF-0B4F-B9D9-DC13DE86E287}.Release|Win32.Build.0 = Release|Win32
		{7E11FBC1-F1EF-0B4F-B9D9-DC13DE86E287}.Release|x64.ActiveCfg = Release|x64
		{7E11FBC1-F1EF-0B4F-B9D9-DC13DE86E287}.Release|x64.Build.0 = Release|x64
		{7E11FBC1-F1EF-0B4F-B9D9-DC13DE86E287}.Debug|Win32.ActiveCfg = Debug|Win32
		{7E11FBC1-F1EF-0B4F-B9D9-DC13DE86E287}.Debug|Win32.Build.0 = Debug|Win32
		{7E11FBC1-F1EF-0B4F-B9D9-DC13DE86E287}.Debug|x64.ActiveCfg = Debug|x64
		{7E11FBC1-F1EF-0B4F-B9D9-DC13DE86E287}.Debug|x64.Build.0 = Debug|x64
		{9A8FA6F3-F931-1545-AAA7-D32508497D40}.Release|Win32.ActiveCfg = Release|Win32
		{9A8FA6F3-F931-1545-AAA7-D32508497D40}.Release|Win32.Build.0 = Release|Win32
		{9A8FA6F3-F931-1545-AAA7-D32508497D40}.Release|x64.ActiveCfg = Release|x64
		{9A8FA6F3-F931-1545-AAA7-D32508497D40}.Release|x64.Build.0 = Release|x64
		{9A8FA6F3-F931-1545-AAA7-D32508497D40}.Debug|Win32.ActiveCfg = Debug|Win32
		{9A8FA6F3-F931-1545-AAA7-D32508497D40}.Debug|Win32.Build.0 = Debug|Win32
		{9A8FA6F3-F931-1545-AAA7-D32508497D40}.Debug|x64.ActiveCfg = Debug|x64
		{9A8FA6F3-F931-1545-AAA7-D32508497D40}.Debug|x64.Build.0 = Debug|x64
		{2DF10CFB-2C26-F545-B40A-56427787A674}.Release|Win32.ActiveCfg = Release|Win32
		{2DF10CFB-2C26-F545-B40A-56427787A674}.Release|Win32.Build.0 = Release|Win32
		{2DF10CFB-2C26-F545-B40A-56427787A674}.Release|x64.ActiveCfg = Release|x64
		{2DF10CFB-2C26-F545-B40A-56427787A674}.Release|x64.Build.0 = Release|x64
		{2DF10CFB-2C26-F545-B40A-56427787A674}.Debug|Win32.ActiveCfg = Debug|Win32
		{2DF10CFB-2C26-F545-B40A-56427787A674}.Debug|Win32.Build.0 = Debug|Win32
		{2DF10CFB-2C26-F545-B40A-56427787A674}.Debug|x64.ActiveCfg = Debug|x64
		{2DF10CFB-2C26-F545-B40A-56427787A674}.Debug|x64.Build.0 = Debug|x64
		{83F429CA-AA99-DE4B-8BF3-A194A173AD26}.Release|Win32.ActiveCfg = Release|Win32
		{83F429CA-AA99-DE4B-8BF3-A194A173AD26}.Release|Win32.Build.0 = Release|Win32
		{83F429CA-AA99-DE4B-8BF3-A194A173AD26}.Release|x64.ActiveCfg = Release|x64
		{83F429CA-AA99-DE4B-8BF3-A194A173AD26}.Release|x64.Build.0 = Release|x64
		{83F429CA-AA99-DE4B-8BF3-A194A173AD26}.Debug|Win32.ActiveCfg = Debug|Win32
		{83F429CA-AA99-DE4B-8BF3-A194A173AD26}.Debug|Win32.Build.0 = Debug|Win32
		{83F429CA-AA99-DE4B-8BF3-A194A173AD26}.Debug|x64.ActiveCfg = Debug|x64
		{83F429CA-AA99-DE4B-8BF3-A194A173AD26}.Debug|x64.Build.0 = Debug|x64
		{F64A9491-2D34-7A47-8215-5AE3FF514339}.Release|Win32.ActiveCfg = Release|Win32
		{F64A9491-2D34-7A47-8215-5AE3FF514339}.Release|Win32.Build.0 = Release|Win32
		{F64A9491-2D34-7A47-8215-5AE3FF514339}.Release|x64.ActiveCfg = Release|x64
		{F64A9491-2D34-7A47-8215-5AE3FF514339}.Release|x64.Build.0 = Release|x64
		{F64A9491-2D34-7A47-8215-5AE3FF514339}.Debug|Win32.ActiveCfg = Debug|Win32
		{F64A9491-2D34-7A47-8215-5AE3FF514339}.Debug|Win32.Build.0 = Debug|Win32
		{F64A9491-2D34-7A47-8215-5AE3FF514339}.Debug|x64.ActiveCfg = Debug|x64
		{F64A9491-2D34-7A47-8215-5AE3FF514339}.Debug|x64.Build.0 = Debug|x64
		{97603274-4491-F847-903B-3601634B6A40}.Release|Win32.ActiveCfg = Release|Win32
		{97603274-4491-F847-903B-3601634B6A40}.Release|Win32.Build.0 = Release|Win32
		{97603274-4491-F847-903B-3601634B6A40}.Release|x64.ActiveCfg = Release|x64
		{97603274-4491-F847-903B-3601634B6A40}.Release|x64.Build.0 = Release|x64
		{97603274-4491-F847-903B-3601634B6A40}.Debug|Win32.ActiveCfg = Debug|Win32
		{97603274-4491-F847-903B-3601634B6A40}.Debug|Win32.Build.0 = Debug|Win32
		{97603274-4491-F847-903B-3601634B6A40}.Debug|x64.ActiveCfg = Debug|x64
		{97603274-4491-F847-903B-3601634B6A40}.Debug|x64.Build.0 = Debug|x64
		{79D1EF6B-EA3B-CE46-92BB-80ADA39D0298}.Release|Win32.ActiveCfg = Release|Win32
		{79D1EF6B-EA3B-CE46-92BB-80ADA39D0298}.Release|Win32.Build.0 = Release|Win32
		{79D1EF6B-EA3B-CE46-92BB-80ADA39D0298}.Release|x64.ActiveCfg = Release|x64
		{79D1EF6B-EA3B-CE46-92BB-80ADA39D0298}.Release|x64.Build.0 = Release|x64
		{79D1EF6B-EA3B-CE46-92BB-80ADA39D0298}.Debug|Win32.ActiveCfg = Debug|Win32
		{79D1EF6B-EA3B-CE46-92BB-80ADA39D0298}.Debug|Win32.Build.0 = Debug|Win32
		{79D1EF6B-EA3B-CE46-92BB-80ADA39D0298}.Debug|x64.ActiveCfg = Debug|x64
		{79D1EF6B-EA3B-CE46-92BB-80ADA39D0298}.Debug|x64.Build.0 = Debug|x64
		{6D32CB38-A663-3841-9684-9D379F15506A}.Release|Win32.ActiveCfg = Release|Win32
		{6D32CB38-A663-3841-9684-9D379F15506A}.Release|Win32.Build.0 = Release|Win32
		{6D32CB38-A663-3841-9684-9D379F15506A}.Release|x64.ActiveCfg = Release|x64
		{6D32CB38-A663-3841-9684-9D379F15506A}.Release|x64.Build.0 = Release|x64
		{6D32CB38-A663-3841-9684-9D379F15506A}.Debug|Win32.ActiveCfg = Debug|Win32
		{6D32CB38-A663-3841-9684-9D379F15506A}.Debug|Win32.Build.0 = Debug|Win32
		{6D32CB38-A663-3841-9684-9D379F15506A}.Debug|x64.ActiveCfg = Debug|x64
		{6D32CB38-A663-3841-9684-9D379F15506A}.Debug|x64.Build.0 = Debug|x64
		{BA247B72-B5C0-CC4B-8538-718F0EE0BE97}.Release|Win32.ActiveCfg = Release|Win32
		{BA247B72-B5C0-CC4B-8538-718F0EE0BE97}.Release|Win32.Build.0 = Release|Win32
		{BA247B72-B5C0-CC4B-8538-718F0EE0BE97}.Release|x64.ActiveCfg = Release|x64
		{BA247B72-B5C0-CC4B-8538-718F0EE0BE97}.Release|x64.Build.0 = Release|x64
		{BA247B72-B5C0-CC4B-8538-718F0EE0BE97}.Debug|Win32.ActiveCfg = Debug|Win32
		{BA247B72-B5C0-CC4B-8538-718F0EE0BE97}.Debug|Win32.Build.0 = Debug|Win32
		{BA247B72-B5C0-CC4B-8538-718F0EE0BE97}.Debug|x64.ActiveCfg = Debug|x64
		{BA247B72-B5C0-CC4B-8538-718F0EE0BE97}.Debug|x64.Build.0 = Debug|x64
		{3D5A15D7-1C18-1048-BA3D-27B2BF94BC68}.Release|Win32.ActiveCfg = Release|Win32
		{3D5A15D7-1C18-1048-BA3D-27B2BF94BC68}.Release|Win32.Build.0 = Release|Win32
		{3D5A15D7-1C18-1048-BA3D-27B2BF94BC68}.Release|x64.ActiveCfg = Release|x64
		{3D5A15D7-1C18-1048-BA3D-27B2BF94BC68}.Release|x64.Build.0 = Release|x64
		{3D5A15D7-1C18-1048-BA3D-27B2BF94BC68}.Debug|Win32.ActiveCfg = Debug|Win32
		{3D5A15D7-1C18-1048-BA3D-27B2BF94BC68}.Debug|Win32.Build.0 = Debug|Win32
		{3D5A15D7-1C18-1048-BA3D-27B2BF94BC68}.Debug|x64.ActiveCfg = Debug|x64
		{3D5A15D7-1C18-1048-BA3D-27B2BF94BC68}.Debug|x64.Build.0 = Debug|x64
		{EF4B6278-B50E-0B48-8DFD-5A0C51B14099}.Release|Win32.ActiveCfg = Release|Win32
		{EF4B6278-B50E-0B48-8DFD-5A0C51B14099}.Release|Win32.Build.0 = Release|Win32
		{EF4B6278-B50E-0B48-8DFD-5A0C51B14099}.Release|x64.ActiveCfg = Release|x64
		{EF4B6278-B50E-0B48-8DFD-5A0C51B14099}.Release|x64.Build.0 = Release|x64
		{EF4B6278-B50E-0B48-8DFD-5A0C51B14099}.Debug|Win32.ActiveCfg = Debug|Win32
		{EF4B6278-B50E-0B48-8DFD-5A0C51B14099}.Debug|Win32.Build.0 = Debug|Win32
		{EF4B6278-B50E-0B48-8DFD-5A0C51B14099}.Debug|x64.ActiveCfg = Debug|x64
		{EF4B6278-B50E-0B48-8DFD-5A0C51B14099}.Debug|x64.Build.0 = Debug|x64
	EndGlobalSection
	GlobalSection(SolutionProperties) = preSolution
		HideSolutionNode = FALSE
	EndGlobalSection
EndGlobal
