<?xml version="1.0" encoding="utf-8"?>
<Project ToolsVersion="4.0" xmlns="http://schemas.microsoft.com/developer/msbuild/2003">
  <ItemGroup>
    <Filter Include="src">
      <UniqueIdentifier>{CE06F2E7-DD3D-9C4B-8367-B31944457237}</UniqueIdentifier>
    </Filter>
    <Filter Include="src\clew">
      <UniqueIdentifier>{57EC21A2-820F-CE43-A417-2E197E0C0B77}</UniqueIdentifier>
    </Filter>
    <Filter Include="examples">
      <UniqueIdentifier>{559DD351-B7E2-534B-A525-9BE1F5BDBDD4}</UniqueIdentifier>
    </Filter>
    <Filter Include="examples\ThirdPartyLibs">
      <UniqueIdentifier>{C20F7C5E-164B-4A4C-9314-75E455D75056}</UniqueIdentifier>
    </Filter>
    <Filter Include="examples\ThirdPartyLibs\Glew">
      <UniqueIdentifier>{8016A7DA-4ED2-A94E-9788-C993AB9DED78}</UniqueIdentifier>
    </Filter>
    <Filter Include="examples\ExampleBrowser">
      <UniqueIdentifier>{DD3C2ABF-0A43-0F46-B7C0-920D319C449F}</UniqueIdentifier>
    </Filter>
    <Filter Include="examples\Utils">
      <UniqueIdentifier>{0F6054F6-3188-BA48-B4AF-27836DA8DE46}</UniqueIdentifier>
    </Filter>
    <Filter Include="examples\ExampleBrowser\GwenGUISupport">
      <UniqueIdentifier>{BF4BF235-69C3-A74A-B3BC-C0C17E1A9331}</UniqueIdentifier>
    </Filter>
  </ItemGroup>
  <ItemGroup>
    <ClInclude Include="..\..\src\clew\clew.h">
      <Filter>src\clew</Filter>
    </ClInclude>
    <ClInclude Include="..\..\examples\Utils\b3Clock.h">
      <Filter>examples\Utils</Filter>
    </ClInclude>
    <ClInclude Include="..\..\examples\Utils\ChromeTraceUtil.h">
      <Filter>examples\Utils</Filter>
    </ClInclude>
    <ClInclude Include="..\..\examples\ExampleBrowser\CollisionShape2TriangleMesh.h">
      <Filter>examples\ExampleBrowser</Filter>
    </ClInclude>
    <ClInclude Include="..\..\examples\ExampleBrowser\EmptyBrowser.h">
      <Filter>examples\ExampleBrowser</Filter>
    </ClInclude>
    <ClInclude Include="..\..\examples\ExampleBrowser\EmptyExample.h">
      <Filter>examples\ExampleBrowser</Filter>
    </ClInclude>
    <ClInclude Include="..\..\examples\ExampleBrowser\ExampleBrowserInterface.h">
      <Filter>examples\ExampleBrowser</Filter>
    </ClInclude>
    <ClInclude Include="..\..\examples\ExampleBrowser\ExampleEntries.h">
      <Filter>examples\ExampleBrowser</Filter>
    </ClInclude>
    <ClInclude Include="..\..\examples\ExampleBrowser\GL_ShapeDrawer.h">
      <Filter>examples\ExampleBrowser</Filter>
    </ClInclude>
    <ClInclude Include="..\..\examples\ExampleBrowser\InProcessExampleBrowser.h">
      <Filter>examples\ExampleBrowser</Filter>
    </ClInclude>
    <ClInclude Include="..\..\examples\ExampleBrowser\OpenGLExampleBrowser.h">
      <Filter>examples\ExampleBrowser</Filter>
    </ClInclude>
    <ClInclude Include="..\..\examples\ExampleBrowser\OpenGLGuiHelper.h">
      <Filter>examples\ExampleBrowser</Filter>
    </ClInclude>
    <ClInclude Include="..\..\examples\ExampleBrowser\GwenGUISupport\GraphingTexture.h">
      <Filter>examples\ExampleBrowser\GwenGUISupport</Filter>
    </ClInclude>
    <ClInclude Include="..\..\examples\ExampleBrowser\GwenGUISupport\gwenInternalData.h">
      <Filter>examples\ExampleBrowser\GwenGUISupport</Filter>
    </ClInclude>
    <ClInclude Include="..\..\examples\ExampleBrowser\GwenGUISupport\GwenParameterInterface.h">
      <Filter>examples\ExampleBrowser\GwenGUISupport</Filter>
    </ClInclude>
    <ClInclude Include="..\..\examples\ExampleBrowser\GwenGUISupport\GwenProfileWindow.h">
      <Filter>examples\ExampleBrowser\GwenGUISupport</Filter>
    </ClInclude>
    <ClInclude Include="..\..\examples\ExampleBrowser\GwenGUISupport\GwenTextureWindow.h">
      <Filter>examples\ExampleBrowser\GwenGUISupport</Filter>
    </ClInclude>
    <ClInclude Include="..\..\examples\ExampleBrowser\GwenGUISupport\gwenUserInterface.h">
      <Filter>examples\ExampleBrowser\GwenGUISupport</Filter>
    </ClInclude>
    <ClInclude Include="..\..\examples\Utils\b3ResourcePath.h">
      <Filter>examples\Utils</Filter>
    </ClInclude>
  </ItemGroup>
  <ItemGroup>
    <ClCompile Include="..\..\src\clew\clew.c">
      <Filter>src\clew</Filter>
    </ClCompile>
    <ClCompile Include="..\..\examples\ThirdPartyLibs\Glew\glew.c">
      <Filter>examples\ThirdPartyLibs\Glew</Filter>
    </ClCompile>
    <ClCompile Include="..\..\examples\ExampleBrowser\OpenGLExampleBrowser.cpp">
      <Filter>examples\ExampleBrowser</Filter>
    </ClCompile>
    <ClCompile Include="..\..\examples\ExampleBrowser\OpenGLGuiHelper.cpp">
      <Filter>examples\ExampleBrowser</Filter>
    </ClCompile>
    <ClCompile Include="..\..\examples\Utils\b3Clock.cpp">
      <Filter>examples\Utils</Filter>
    </ClCompile>
    <ClCompile Include="..\..\examples\Utils\ChromeTraceUtil.cpp">
      <Filter>examples\Utils</Filter>
    </ClCompile>
    <ClCompile Include="..\..\examples\ExampleBrowser\GwenGUISupport\GraphingTexture.cpp">
      <Filter>examples\ExampleBrowser\GwenGUISupport</Filter>
    </ClCompile>
    <ClCompile Include="..\..\examples\ExampleBrowser\GwenGUISupport\GwenParameterInterface.cpp">
      <Filter>examples\ExampleBrowser\GwenGUISupport</Filter>
    </ClCompile>
    <ClCompile Include="..\..\examples\ExampleBrowser\GwenGUISupport\GwenProfileWindow.cpp">
      <Filter>examples\ExampleBrowser\GwenGUISupport</Filter>
    </ClCompile>
    <ClCompile Include="..\..\examples\ExampleBrowser\GwenGUISupport\GwenTextureWindow.cpp">
      <Filter>examples\ExampleBrowser\GwenGUISupport</Filter>
    </ClCompile>
    <ClCompile Include="..\..\examples\ExampleBrowser\GwenGUISupport\gwenUserInterface.cpp">
      <Filter>examples\ExampleBrowser\GwenGUISupport</Filter>
    </ClCompile>
    <ClCompile Include="..\..\examples\ExampleBrowser\CollisionShape2TriangleMesh.cpp">
      <Filter>examples\ExampleBrowser</Filter>
    </ClCompile>
    <ClCompile Include="..\..\examples\Utils\b3ResourcePath.cpp">
      <Filter>examples\Utils</Filter>
    </ClCompile>
    <ClCompile Include="..\..\examples\ExampleBrowser\GL_ShapeDrawer.cpp">
      <Filter>examples\ExampleBrowser</Filter>
    </ClCompile>
    <ClCompile Include="..\..\examples\ExampleBrowser\InProcessExampleBrowser.cpp">
      <Filter>examples\ExampleBrowser</Filter>
    </ClCompile>
  </ItemGroup>
</Project>
