<?xml version="1.0" encoding="utf-8"?>
<Project ToolsVersion="4.0" xmlns="http://schemas.microsoft.com/developer/msbuild/2003">
  <ItemGroup>
    <Filter Include="src">
      <UniqueIdentifier>{9769F82C-0CEC-D948-9CED-0720879726D6}</UniqueIdentifier>
    </Filter>
    <Filter Include="src\clew">
      <UniqueIdentifier>{193B8093-008C-4348-B4C1-42E6EDB54786}</UniqueIdentifier>
    </Filter>
    <Filter Include="examples">
      <UniqueIdentifier>{7C5A32C8-407C-5D42-9F36-B358A9944589}</UniqueIdentifier>
    </Filter>
    <Filter Include="examples\ThirdPartyLibs">
      <UniqueIdentifier>{DE456A8D-9D43-8A4A-BB71-DAF9D15E8501}</UniqueIdentifier>
    </Filter>
    <Filter Include="examples\ThirdPartyLibs\minizip">
      <UniqueIdentifier>{52CABB46-0529-B849-9E7B-ECB52DC2A977}</UniqueIdentifier>
    </Filter>
    <Filter Include="examples\ThirdPartyLibs\zlib">
      <UniqueIdentifier>{FE741E5C-37FC-CF4B-BA6D-269962356365}</UniqueIdentifier>
    </Filter>
    <Filter Include="test">
      <UniqueIdentifier>{12F7CF62-6E3D-FF47-AC98-2FC0200E147A}</UniqueIdentifier>
    </Filter>
    <Filter Include="test\TestBullet3OpenCL">
      <UniqueIdentifier>{A08555AB-F734-2940-A5D7-3F0E0B80E965}</UniqueIdentifier>
    </Filter>
    <Filter Include="test\OpenCL">
      <UniqueIdentifier>{35C38184-C804-A344-87BD-81C56539DC0F}</UniqueIdentifier>
    </Filter>
    <Filter Include="test\OpenCL\BasicInitialize">
      <UniqueIdentifier>{A3B316D7-FBD5-AE42-84A4-D79DF8BB10E0}</UniqueIdentifier>
    </Filter>
    <Filter Include="test\OpenCL\AllBullet3Kernels">
      <UniqueIdentifier>{3CABCE7A-9BE6-DD4F-916D-07A678D89B0D}</UniqueIdentifier>
    </Filter>
  </ItemGroup>
  <ItemGroup>
    <ClInclude Include="..\..\src\clew\clew.h">
      <Filter>src\clew</Filter>
    </ClInclude>
  </ItemGroup>
  <ItemGroup>
    <ClCompile Include="..\..\src\clew\clew.c">
      <Filter>src\clew</Filter>
    </ClCompile>
    <ClCompile Include="..\..\examples\ThirdPartyLibs\minizip\ioapi.c">
      <Filter>examples\ThirdPartyLibs\minizip</Filter>
    </ClCompile>
    <ClCompile Include="..\..\examples\ThirdPartyLibs\minizip\unzip.c">
      <Filter>examples\ThirdPartyLibs\minizip</Filter>
    </ClCompile>
    <ClCompile Include="..\..\examples\ThirdPartyLibs\minizip\zip.c">
      <Filter>examples\ThirdPartyLibs\minizip</Filter>
    </ClCompile>
    <ClCompile Include="..\..\examples\ThirdPartyLibs\zlib\adler32.c">
      <Filter>examples\ThirdPartyLibs\zlib</Filter>
    </ClCompile>
    <ClCompile Include="..\..\examples\ThirdPartyLibs\zlib\compress.c">
      <Filter>examples\ThirdPartyLibs\zlib</Filter>
    </ClCompile>
    <ClCompile Include="..\..\examples\ThirdPartyLibs\zlib\crc32.c">
      <Filter>examples\ThirdPartyLibs\zlib</Filter>
    </ClCompile>
    <ClCompile Include="..\..\examples\ThirdPartyLibs\zlib\deflate.c">
      <Filter>examples\ThirdPartyLibs\zlib</Filter>
    </ClCompile>
    <ClCompile Include="..\..\examples\ThirdPartyLibs\zlib\gzclose.c">
      <Filter>examples\ThirdPartyLibs\zlib</Filter>
    </ClCompile>
    <ClCompile Include="..\..\examples\ThirdPartyLibs\zlib\gzlib.c">
      <Filter>examples\ThirdPartyLibs\zlib</Filter>
    </ClCompile>
    <ClCompile Include="..\..\examples\ThirdPartyLibs\zlib\gzread.c">
      <Filter>examples\ThirdPartyLibs\zlib</Filter>
    </ClCompile>
    <ClCompile Include="..\..\examples\ThirdPartyLibs\zlib\gzwrite.c">
      <Filter>examples\ThirdPartyLibs\zlib</Filter>
    </ClCompile>
    <ClCompile Include="..\..\examples\ThirdPartyLibs\zlib\infback.c">
      <Filter>examples\ThirdPartyLibs\zlib</Filter>
    </ClCompile>
    <ClCompile Include="..\..\examples\ThirdPartyLibs\zlib\inffast.c">
      <Filter>examples\ThirdPartyLibs\zlib</Filter>
    </ClCompile>
    <ClCompile Include="..\..\examples\ThirdPartyLibs\zlib\inflate.c">
      <Filter>examples\ThirdPartyLibs\zlib</Filter>
    </ClCompile>
    <ClCompile Include="..\..\examples\ThirdPartyLibs\zlib\inftrees.c">
      <Filter>examples\ThirdPartyLibs\zlib</Filter>
    </ClCompile>
    <ClCompile Include="..\..\examples\ThirdPartyLibs\zlib\trees.c">
      <Filter>examples\ThirdPartyLibs\zlib</Filter>
    </ClCompile>
    <ClCompile Include="..\..\examples\ThirdPartyLibs\zlib\uncompr.c">
      <Filter>examples\ThirdPartyLibs\zlib</Filter>
    </ClCompile>
    <ClCompile Include="..\..\examples\ThirdPartyLibs\zlib\zutil.c">
      <Filter>examples\ThirdPartyLibs\zlib</Filter>
    </ClCompile>
    <ClCompile Include="..\..\test\TestBullet3OpenCL\main.cpp">
      <Filter>test\TestBullet3OpenCL</Filter>
    </ClCompile>
    <ClCompile Include="..\..\test\OpenCL\BasicInitialize\testInitOpenCL.cpp">
      <Filter>test\OpenCL\BasicInitialize</Filter>
    </ClCompile>
    <ClCompile Include="..\..\test\OpenCL\AllBullet3Kernels\testCompileBullet3BroadphaseKernels.cpp">
      <Filter>test\OpenCL\AllBullet3Kernels</Filter>
    </ClCompile>
    <ClCompile Include="..\..\test\OpenCL\AllBullet3Kernels\testCompileBullet3IntegrateUpdateAabbKernels.cpp">
      <Filter>test\OpenCL\AllBullet3Kernels</Filter>
    </ClCompile>
    <ClCompile Include="..\..\test\OpenCL\AllBullet3Kernels\testCompileBullet3JacobiContactSolverKernels.cpp">
      <Filter>test\OpenCL\AllBullet3Kernels</Filter>
    </ClCompile>
    <ClCompile Include="..\..\test\OpenCL\AllBullet3Kernels\testCompileBullet3NarrowphaseKernels.cpp">
      <Filter>test\OpenCL\AllBullet3Kernels</Filter>
    </ClCompile>
    <ClCompile Include="..\..\test\OpenCL\AllBullet3Kernels\testCompileBullet3PgsContactSolverKernels.cpp">
      <Filter>test\OpenCL\AllBullet3Kernels</Filter>
    </ClCompile>
    <ClCompile Include="..\..\test\OpenCL\AllBullet3Kernels\testCompileBullet3PgsJointSolverKernels.cpp">
      <Filter>test\OpenCL\AllBullet3Kernels</Filter>
    </ClCompile>
    <ClCompile Include="..\..\test\OpenCL\AllBullet3Kernels\testCompileBullet3RaycastKernels.cpp">
      <Filter>test\OpenCL\AllBullet3Kernels</Filter>
    </ClCompile>
    <ClCompile Include="..\..\test\OpenCL\AllBullet3Kernels\testExecuteBullet3NarrowphaseKernels.cpp">
      <Filter>test\OpenCL\AllBullet3Kernels</Filter>
    </ClCompile>
  </ItemGroup>
</Project>
