<?xml version="1.0" encoding="utf-8"?>
<Project ToolsVersion="4.0" xmlns="http://schemas.microsoft.com/developer/msbuild/2003">
  <ItemGroup>
    <Filter Include="examples">
      <UniqueIdentifier>{F405BD18-F038-3341-B23E-2723ED3FC963}</UniqueIdentifier>
    </Filter>
    <Filter Include="examples\ThirdPartyLibs">
      <UniqueIdentifier>{507BACA1-D31A-9040-AC3A-BD65CC061BFB}</UniqueIdentifier>
    </Filter>
    <Filter Include="examples\ThirdPartyLibs\Glew">
      <UniqueIdentifier>{600D13A1-EC3C-BD49-94CC-5553EEC856C8}</UniqueIdentifier>
    </Filter>
    <Filter Include="examples\OpenGLWindow">
      <UniqueIdentifier>{176D41E0-7B0E-1146-806F-8661343962F1}</UniqueIdentifier>
    </Filter>
    <Filter Include="examples\Utils">
      <UniqueIdentifier>{4299F1B5-9930-7A4C-BC38-4590145B4DFF}</UniqueIdentifier>
    </Filter>
    <Filter Include="test">
      <UniqueIdentifier>{78A76F95-4C87-9E4A-88C6-0005058768EA}</UniqueIdentifier>
    </Filter>
    <Filter Include="test\GwenOpenGLTest">
      <UniqueIdentifier>{817C378C-40F2-A54C-9137-98CC2FB24AB1}</UniqueIdentifier>
    </Filter>
  </ItemGroup>
  <ItemGroup>
    <ClInclude Include="..\..\examples\OpenGLWindow\TwFonts.h">
      <Filter>examples\OpenGLWindow</Filter>
    </ClInclude>
    <ClInclude Include="..\..\examples\OpenGLWindow\LoadShader.h">
      <Filter>examples\OpenGLWindow</Filter>
    </ClInclude>
    <ClInclude Include="..\..\examples\OpenGLWindow\GLPrimitiveRenderer.h">
      <Filter>examples\OpenGLWindow</Filter>
    </ClInclude>
    <ClInclude Include="..\..\examples\OpenGLWindow\GwenOpenGL3CoreRenderer.h">
      <Filter>examples\OpenGLWindow</Filter>
    </ClInclude>
    <ClInclude Include="..\..\examples\OpenGLWindow\fontstash.h">
      <Filter>examples\OpenGLWindow</Filter>
    </ClInclude>
    <ClInclude Include="..\..\examples\OpenGLWindow\opengl_fontstashcallbacks.h">
      <Filter>examples\OpenGLWindow</Filter>
    </ClInclude>
    <ClInclude Include="..\..\examples\Utils\b3Clock.h">
      <Filter>examples\Utils</Filter>
    </ClInclude>
    <ClInclude Include="..\..\test\GwenOpenGLTest\UnitTest.h">
      <Filter>test\GwenOpenGLTest</Filter>
    </ClInclude>
    <ClInclude Include="..\..\examples\OpenGLWindow\Win32OpenGLWindow.h">
      <Filter>examples\OpenGLWindow</Filter>
    </ClInclude>
    <ClInclude Include="..\..\examples\OpenGLWindow\Win32Window.h">
      <Filter>examples\OpenGLWindow</Filter>
    </ClInclude>
  </ItemGroup>
  <ItemGroup>
    <ClCompile Include="..\..\examples\ThirdPartyLibs\Glew\glew.c">
      <Filter>examples\ThirdPartyLibs\Glew</Filter>
    </ClCompile>
    <ClCompile Include="..\..\examples\OpenGLWindow\OpenSans.cpp">
      <Filter>examples\OpenGLWindow</Filter>
    </ClCompile>
    <ClCompile Include="..\..\examples\OpenGLWindow\TwFonts.cpp">
      <Filter>examples\OpenGLWindow</Filter>
    </ClCompile>
    <ClCompile Include="..\..\examples\OpenGLWindow\LoadShader.cpp">
      <Filter>examples\OpenGLWindow</Filter>
    </ClCompile>
    <ClCompile Include="..\..\examples\OpenGLWindow\GLPrimitiveRenderer.cpp">
      <Filter>examples\OpenGLWindow</Filter>
    </ClCompile>
    <ClCompile Include="..\..\examples\OpenGLWindow\fontstash.cpp">
      <Filter>examples\OpenGLWindow</Filter>
    </ClCompile>
    <ClCompile Include="..\..\examples\OpenGLWindow\opengl_fontstashcallbacks.cpp">
      <Filter>examples\OpenGLWindow</Filter>
    </ClCompile>
    <ClCompile Include="..\..\examples\Utils\b3Clock.cpp">
      <Filter>examples\Utils</Filter>
    </ClCompile>
    <ClCompile Include="..\..\test\GwenOpenGLTest\Button.cpp">
      <Filter>test\GwenOpenGLTest</Filter>
    </ClCompile>
    <ClCompile Include="..\..\test\GwenOpenGLTest\Checkbox.cpp">
      <Filter>test\GwenOpenGLTest</Filter>
    </ClCompile>
    <ClCompile Include="..\..\test\GwenOpenGLTest\ComboBox.cpp">
      <Filter>test\GwenOpenGLTest</Filter>
    </ClCompile>
    <ClCompile Include="..\..\test\GwenOpenGLTest\CrossSplitter.cpp">
      <Filter>test\GwenOpenGLTest</Filter>
    </ClCompile>
    <ClCompile Include="..\..\test\GwenOpenGLTest\GroupBox.cpp">
      <Filter>test\GwenOpenGLTest</Filter>
    </ClCompile>
    <ClCompile Include="..\..\test\GwenOpenGLTest\ImagePanel.cpp">
      <Filter>test\GwenOpenGLTest</Filter>
    </ClCompile>
    <ClCompile Include="..\..\test\GwenOpenGLTest\Label.cpp">
      <Filter>test\GwenOpenGLTest</Filter>
    </ClCompile>
    <ClCompile Include="..\..\test\GwenOpenGLTest\ListBox.cpp">
      <Filter>test\GwenOpenGLTest</Filter>
    </ClCompile>
    <ClCompile Include="..\..\test\GwenOpenGLTest\MenuStrip.cpp">
      <Filter>test\GwenOpenGLTest</Filter>
    </ClCompile>
    <ClCompile Include="..\..\test\GwenOpenGLTest\Numeric.cpp">
      <Filter>test\GwenOpenGLTest</Filter>
    </ClCompile>
    <ClCompile Include="..\..\test\GwenOpenGLTest\OpenGLSample.cpp">
      <Filter>test\GwenOpenGLTest</Filter>
    </ClCompile>
    <ClCompile Include="..\..\test\GwenOpenGLTest\PanelListPanel.cpp">
      <Filter>test\GwenOpenGLTest</Filter>
    </ClCompile>
    <ClCompile Include="..\..\test\GwenOpenGLTest\ProgressBar.cpp">
      <Filter>test\GwenOpenGLTest</Filter>
    </ClCompile>
    <ClCompile Include="..\..\test\GwenOpenGLTest\Properties.cpp">
      <Filter>test\GwenOpenGLTest</Filter>
    </ClCompile>
    <ClCompile Include="..\..\test\GwenOpenGLTest\RadioButton.cpp">
      <Filter>test\GwenOpenGLTest</Filter>
    </ClCompile>
    <ClCompile Include="..\..\test\GwenOpenGLTest\ScrollControl.cpp">
      <Filter>test\GwenOpenGLTest</Filter>
    </ClCompile>
    <ClCompile Include="..\..\test\GwenOpenGLTest\Slider.cpp">
      <Filter>test\GwenOpenGLTest</Filter>
    </ClCompile>
    <ClCompile Include="..\..\test\GwenOpenGLTest\StatusBar.cpp">
      <Filter>test\GwenOpenGLTest</Filter>
    </ClCompile>
    <ClCompile Include="..\..\test\GwenOpenGLTest\TabControl.cpp">
      <Filter>test\GwenOpenGLTest</Filter>
    </ClCompile>
    <ClCompile Include="..\..\test\GwenOpenGLTest\TextBox.cpp">
      <Filter>test\GwenOpenGLTest</Filter>
    </ClCompile>
    <ClCompile Include="..\..\test\GwenOpenGLTest\TreeControl.cpp">
      <Filter>test\GwenOpenGLTest</Filter>
    </ClCompile>
    <ClCompile Include="..\..\test\GwenOpenGLTest\UnitTest.cpp">
      <Filter>test\GwenOpenGLTest</Filter>
    </ClCompile>
    <ClCompile Include="..\..\examples\OpenGLWindow\GLFWOpenGLWindow.cpp">
      <Filter>examples\OpenGLWindow</Filter>
    </ClCompile>
    <ClCompile Include="..\..\examples\OpenGLWindow\Win32OpenGLWindow.cpp">
      <Filter>examples\OpenGLWindow</Filter>
    </ClCompile>
    <ClCompile Include="..\..\examples\OpenGLWindow\Win32Window.cpp">
      <Filter>examples\OpenGLWindow</Filter>
    </ClCompile>
  </ItemGroup>
</Project>
