<?xml version="1.0" encoding="utf-8"?>
<Project ToolsVersion="4.0" xmlns="http://schemas.microsoft.com/developer/msbuild/2003">
  <ItemGroup>
    <Filter Include="test">
      <UniqueIdentifier>{361BEE34-25C9-9248-81BB-D46D012D5D75}</UniqueIdentifier>
    </Filter>
    <Filter Include="test\enet">
      <UniqueIdentifier>{67E315A6-8516-7B40-88D9-CC9F2FCE24D9}</UniqueIdentifier>
    </Filter>
    <Filter Include="test\enet\nat_punchthrough">
      <UniqueIdentifier>{04599C36-55C5-8741-ACB0-7FBC26E1D966}</UniqueIdentifier>
    </Filter>
    <Filter Include="test\enet\nat_punchthrough\server">
      <UniqueIdentifier>{DE653A8B-4026-4741-B664-18896EE663FB}</UniqueIdentifier>
    </Filter>
  </ItemGroup>
  <ItemGroup>
    <ClCompile Include="..\..\test\enet\nat_punchthrough\server\main.cpp">
      <Filter>test\enet\nat_punchthrough\server</Filter>
    </ClCompile>
  </ItemGroup>
</Project>
